// !$*UTF8*$!
{
	archiveVersion = 1;
	classes = {
	};
	objectVersion = 46;
	objects = {

/* Begin PBXBuildFile section */
		5711C8781EAB08D700D19AE2 /* MBProgressHUD.m in Sources */ = {isa = PBXBuildFile; fileRef = 5711C8771EAB08D700D19AE2 /* MBProgressHUD.m */; };
		5711C87A1EAB0AC200D19AE2 /* Foundation.framework in Frameworks */ = {isa = PBXBuildFile; fileRef = 5711C8791EAB0AC200D19AE2 /* Foundation.framework */; };
		5711C87C1EAB0B1000D19AE2 /* UIKit.framework in Frameworks */ = {isa = PBXBuildFile; fileRef = 5711C87B1EAB0B1000D19AE2 /* UIKit.framework */; };
		5711C87E1EAB0B1A00D19AE2 /* CoreGraphics.framework in Frameworks */ = {isa = PBXBuildFile; fileRef = 5711C87D1EAB0B1A00D19AE2 /* CoreGraphics.framework */; };
		571A3B2A1DE0D05A009042BC /* DateUtils.m in Sources */ = {isa = PBXBuildFile; fileRef = 571A3B291DE0D05A009042BC /* DateUtils.m */; };
		571A3B2F1DE0D071009042BC /* CalendarView.m in Sources */ = {isa = PBXBuildFile; fileRef = 571A3B2C1DE0D071009042BC /* CalendarView.m */; };
		571A3B301DE0D071009042BC /* DatePicker.m in Sources */ = {isa = PBXBuildFile; fileRef = 571A3B2E1DE0D071009042BC /* DatePicker.m */; };
		571A3B331DE0D07C009042BC /* MonthPicker.m in Sources */ = {isa = PBXBuildFile; fileRef = 571A3B321DE0D07C009042BC /* MonthPicker.m */; };
		571A3B361DE0D08A009042BC /* NSDate+Calendar.m in Sources */ = {isa = PBXBuildFile; fileRef = 571A3B351DE0D08A009042BC /* NSDate+Calendar.m */; };
		571A3D0A1DE82F0C009042BC /* BusinessViewController.m in Sources */ = {isa = PBXBuildFile; fileRef = 571A3D091DE82F0C009042BC /* BusinessViewController.m */; };
		571B82031DB38BCE001171EE /* Utils.m in Sources */ = {isa = PBXBuildFile; fileRef = 571B82021DB38BCE001171EE /* Utils.m */; };
		571B82091DB465D4001171EE /* WeekCell.m in Sources */ = {isa = PBXBuildFile; fileRef = 571B82081DB465D4001171EE /* WeekCell.m */; };
		571B825A1DB8AD6C001171EE /* TimeViewCell.m in Sources */ = {isa = PBXBuildFile; fileRef = 571B82591DB8AD6C001171EE /* TimeViewCell.m */; };
		571DB1A21F5CFF4B00D319EF /* MutipleChoiceCell.m in Sources */ = {isa = PBXBuildFile; fileRef = 571DB1A11F5CFF4B00D319EF /* MutipleChoiceCell.m */; };
		571DB1A51F5D000400D319EF /* MutipleChoiceView.m in Sources */ = {isa = PBXBuildFile; fileRef = 571DB1A41F5D000400D319EF /* MutipleChoiceView.m */; };
		571DB1A81F5D8E1A00D319EF /* BgView.m in Sources */ = {isa = PBXBuildFile; fileRef = 571DB1A71F5D8E1A00D319EF /* BgView.m */; };
		571DB1AB1F5EEBDD00D319EF /* SectionSchedule.m in Sources */ = {isa = PBXBuildFile; fileRef = 571DB1AA1F5EEBDD00D319EF /* SectionSchedule.m */; };
		571DB1AE1F5FD97300D319EF /* GroupInfoModel.m in Sources */ = {isa = PBXBuildFile; fileRef = 571DB1AD1F5FD97300D319EF /* GroupInfoModel.m */; };
		571DB1B11F6126C200D319EF /* SingleChoiceCell.m in Sources */ = {isa = PBXBuildFile; fileRef = 571DB1B01F6126C200D319EF /* SingleChoiceCell.m */; };
		571DB1B41F6127E500D319EF /* SingleChoiceView.m in Sources */ = {isa = PBXBuildFile; fileRef = 571DB1B31F6127E500D319EF /* SingleChoiceView.m */; };
		571DB1B71F64279200D319EF /* MemberDetailViewController.m in Sources */ = {isa = PBXBuildFile; fileRef = 571DB1B61F64279200D319EF /* MemberDetailViewController.m */; };
		571DB1BA1F656DB000D319EF /* MemberListViewController.m in Sources */ = {isa = PBXBuildFile; fileRef = 571DB1B91F656DB000D319EF /* MemberListViewController.m */; };
		572B6D121F166A520069D1D2 /* AddGroupMemberViewController.m in Sources */ = {isa = PBXBuildFile; fileRef = 572B6D111F166A520069D1D2 /* AddGroupMemberViewController.m */; };
		572B6D151F1748590069D1D2 /* JoinGroupViewController.m in Sources */ = {isa = PBXBuildFile; fileRef = 572B6D141F1748590069D1D2 /* JoinGroupViewController.m */; };
		572EA9181F2F2E760052907C /* EventDetailViewController.m in Sources */ = {isa = PBXBuildFile; fileRef = 572EA9171F2F2E760052907C /* EventDetailViewController.m */; };
		572EA91E1F301CF50052907C /* ReasonView.m in Sources */ = {isa = PBXBuildFile; fileRef = 572EA91D1F301CF50052907C /* ReasonView.m */; };
		572EA9211F305CE30052907C /* EventPublishViewController.m in Sources */ = {isa = PBXBuildFile; fileRef = 572EA9201F305CE30052907C /* EventPublishViewController.m */; };
		572EA9241F3077560052907C /* GroupDetailViewController.m in Sources */ = {isa = PBXBuildFile; fileRef = 572EA9231F3077560052907C /* GroupDetailViewController.m */; };
		572EA92D1F31F45F0052907C /* ProtoMessage.pbobjc.m in Sources */ = {isa = PBXBuildFile; fileRef = 572EA92C1F31F45F0052907C /* ProtoMessage.pbobjc.m */; settings = {COMPILER_FLAGS = "-fno-objc-arc"; }; };
		572EA9301F32C5870052907C /* GCDAsyncSocket.m in Sources */ = {isa = PBXBuildFile; fileRef = 572EA92F1F32C5870052907C /* GCDAsyncSocket.m */; };
		573F110B1EE6DE4200E9F99E /* LoginViewController.m in Sources */ = {isa = PBXBuildFile; fileRef = 573F110A1EE6DE4200E9F99E /* LoginViewController.m */; };
		573F110F1EE7157000E9F99E /* HXTextField.m in Sources */ = {isa = PBXBuildFile; fileRef = 573F110E1EE7157000E9F99E /* HXTextField.m */; };
		573F11121EE7A6AB00E9F99E /* HXButton.m in Sources */ = {isa = PBXBuildFile; fileRef = 573F11111EE7A6AB00E9F99E /* HXButton.m */; };
		573F11151EE7F60A00E9F99E /* RegisterViewController.m in Sources */ = {isa = PBXBuildFile; fileRef = 573F11141EE7F60A00E9F99E /* RegisterViewController.m */; };
		574C2BFE1E9F71ED00960399 /* ImpoerCourseViewController.m in Sources */ = {isa = PBXBuildFile; fileRef = 574C2BFD1E9F71ED00960399 /* ImpoerCourseViewController.m */; };
		574C2C051E9F9C4800960399 /* TFHpple.m in Sources */ = {isa = PBXBuildFile; fileRef = 574C2C001E9F9C4800960399 /* TFHpple.m */; };
		574C2C061E9F9C4800960399 /* TFHppleElement.m in Sources */ = {isa = PBXBuildFile; fileRef = 574C2C021E9F9C4800960399 /* TFHppleElement.m */; };
		574C2C071E9F9C4800960399 /* XPathQuery.m in Sources */ = {isa = PBXBuildFile; fileRef = 574C2C041E9F9C4800960399 /* XPathQuery.m */; };
		574C2C0A1E9FA2E000960399 /* libxml2.2.tbd in Frameworks */ = {isa = PBXBuildFile; fileRef = 574C2C091E9FA2E000960399 /* libxml2.2.tbd */; };
		577430961E9374020027D471 /* EventKitManager.m in Sources */ = {isa = PBXBuildFile; fileRef = 577430951E9374020027D471 /* EventKitManager.m */; };
		577430991E9374C70027D471 /* EventKit.framework in Frameworks */ = {isa = PBXBuildFile; fileRef = 577430971E9374C70027D471 /* EventKit.framework */; };
		5774309A1E9374C70027D471 /* EventKitUI.framework in Frameworks */ = {isa = PBXBuildFile; fileRef = 577430981E9374C70027D471 /* EventKitUI.framework */; };
		577C66FD1EE828D30006E783 /* RegiTextCodeViewController.m in Sources */ = {isa = PBXBuildFile; fileRef = 577C66FC1EE828D30006E783 /* RegiTextCodeViewController.m */; };
		577C67071EE870F10006E783 /* NSTimer+Addition.m in Sources */ = {isa = PBXBuildFile; fileRef = 577C67061EE870F10006E783 /* NSTimer+Addition.m */; };
		577C670A1EE96C360006E783 /* RegiPwdViewController.m in Sources */ = {isa = PBXBuildFile; fileRef = 577C67091EE96C360006E783 /* RegiPwdViewController.m */; };
		577C670D1EE970D00006E783 /* RegiNameViewController.m in Sources */ = {isa = PBXBuildFile; fileRef = 577C670C1EE970D00006E783 /* RegiNameViewController.m */; };
		577C67101EE974060006E783 /* ResetPhoneViewController.m in Sources */ = {isa = PBXBuildFile; fileRef = 577C670F1EE974060006E783 /* ResetPhoneViewController.m */; };
		577C67131EE9752A0006E783 /* ResetTextCodeViewController.m in Sources */ = {isa = PBXBuildFile; fileRef = 577C67121EE9752A0006E783 /* ResetTextCodeViewController.m */; };
		577C67161EE976A10006E783 /* ResetPwdViewController.m in Sources */ = {isa = PBXBuildFile; fileRef = 577C67151EE976A10006E783 /* ResetPwdViewController.m */; };
		577C671A1EED676B0006E783 /* HXNetworking.m in Sources */ = {isa = PBXBuildFile; fileRef = 577C67191EED676B0006E783 /* HXNetworking.m */; };
		577FA5C51DEBDE0400A0AEF7 /* BusinessCourseManage.m in Sources */ = {isa = PBXBuildFile; fileRef = 577FA5C41DEBDE0400A0AEF7 /* BusinessCourseManage.m */; };
		577FA5CB1DEC2AF800A0AEF7 /* SectionSelectTableViewCell.m in Sources */ = {isa = PBXBuildFile; fileRef = 577FA5CA1DEC2AF800A0AEF7 /* SectionSelectTableViewCell.m */; };
		577FA5CE1DEC45C400A0AEF7 /* SectionSelect.m in Sources */ = {isa = PBXBuildFile; fileRef = 577FA5CD1DEC45C400A0AEF7 /* SectionSelect.m */; };
		577FA5D11DEDD5EB00A0AEF7 /* PublicTemplateCell.m in Sources */ = {isa = PBXBuildFile; fileRef = 577FA5D01DEDD5EB00A0AEF7 /* PublicTemplateCell.m */; };
		5782CE781E7288C100DA4947 /* TimeSelectedTableViewCell.m in Sources */ = {isa = PBXBuildFile; fileRef = 5782CE771E7288C100DA4947 /* TimeSelectedTableViewCell.m */; };
		579C2FBE1DAD000E00E4EE54 /* main.m in Sources */ = {isa = PBXBuildFile; fileRef = 579C2FBD1DAD000E00E4EE54 /* main.m */; };
		579C2FC11DAD000E00E4EE54 /* AppDelegate.m in Sources */ = {isa = PBXBuildFile; fileRef = 579C2FC01DAD000E00E4EE54 /* AppDelegate.m */; };
		579C2FC91DAD000E00E4EE54 /* Assets.xcassets in Resources */ = {isa = PBXBuildFile; fileRef = 579C2FC81DAD000E00E4EE54 /* Assets.xcassets */; };
		579C2FCC1DAD000E00E4EE54 /* LaunchScreen.storyboard in Resources */ = {isa = PBXBuildFile; fileRef = 579C2FCA1DAD000E00E4EE54 /* LaunchScreen.storyboard */; };
		579C2FD71DAD000E00E4EE54 /* XiaoYaTests.m in Sources */ = {isa = PBXBuildFile; fileRef = 579C2FD61DAD000E00E4EE54 /* XiaoYaTests.m */; };
		579C2FE21DAD000E00E4EE54 /* XiaoYaUITests.m in Sources */ = {isa = PBXBuildFile; fileRef = 579C2FE11DAD000E00E4EE54 /* XiaoYaUITests.m */; };
		579C2FF41DAD02EF00E4EE54 /* CourseTableViewController.m in Sources */ = {isa = PBXBuildFile; fileRef = 579C2FF31DAD02EF00E4EE54 /* CourseTableViewController.m */; };
		579C2FF71DAD036000E4EE54 /* WeekSheet.m in Sources */ = {isa = PBXBuildFile; fileRef = 579C2FF61DAD036000E4EE54 /* WeekSheet.m */; };
		57BDFA131E2E038D00C0E254 /* DbManager.m in Sources */ = {isa = PBXBuildFile; fileRef = 57BDFA121E2E038D00C0E254 /* DbManager.m */; };
		57BDFA151E2E111B00C0E254 /* libsqlite3.0.tbd in Frameworks */ = {isa = PBXBuildFile; fileRef = 57BDFA141E2E111B00C0E254 /* libsqlite3.0.tbd */; };
		57BDFA181E326E0500C0E254 /* UILabel+AlertActionFont.m in Sources */ = {isa = PBXBuildFile; fileRef = 57BDFA171E326E0500C0E254 /* UILabel+AlertActionFont.m */; };
		57BDFA1B1E4CB98100C0E254 /* BusinessModel.m in Sources */ = {isa = PBXBuildFile; fileRef = 57BDFA1A1E4CB98100C0E254 /* BusinessModel.m */; };
		57BDFA1E1E4CCB5E00C0E254 /* UIView+Extend.m in Sources */ = {isa = PBXBuildFile; fileRef = 57BDFA1D1E4CCB5E00C0E254 /* UIView+Extend.m */; };
		57BDFA211E52EF1300C0E254 /* CommentViewController.m in Sources */ = {isa = PBXBuildFile; fileRef = 57BDFA201E52EF1300C0E254 /* CommentViewController.m */; };
		57BDFA241E52F06A00C0E254 /* UIAlertController+Appearance.m in Sources */ = {isa = PBXBuildFile; fileRef = 57BDFA231E52F06A00C0E254 /* UIAlertController+Appearance.m */; };
		57C761241E7D9EBC0002FA77 /* CollectView.m in Sources */ = {isa = PBXBuildFile; fileRef = 57C761231E7D9EBC0002FA77 /* CollectView.m */; };
		57C761271E7E57320002FA77 /* CollectionViewCell.m in Sources */ = {isa = PBXBuildFile; fileRef = 57C761261E7E57320002FA77 /* CollectionViewCell.m */; };
		57D49D1F1F0FB9660063C861 /* GroupHomePageViewController.m in Sources */ = {isa = PBXBuildFile; fileRef = 57D49D1E1F0FB9660063C861 /* GroupHomePageViewController.m */; };
		57D49D231F121AD90063C861 /* GroupHomePageCell.m in Sources */ = {isa = PBXBuildFile; fileRef = 57D49D221F121AD90063C861 /* GroupHomePageCell.m */; };
		57D49D251F13DA740063C861 /* test.plist in Resources */ = {isa = PBXBuildFile; fileRef = 57D49D241F13DA740063C861 /* test.plist */; };
		57D49D281F13DC890063C861 /* GroupListModel.m in Sources */ = {isa = PBXBuildFile; fileRef = 57D49D271F13DC890063C861 /* GroupListModel.m */; };
		57D49D2C1F14BFDD0063C861 /* GroupCreateViewController.m in Sources */ = {isa = PBXBuildFile; fileRef = 57D49D2B1F14BFDD0063C861 /* GroupCreateViewController.m */; };
		57D49D2F1F15178D0063C861 /* MemberCollectionViewCell.m in Sources */ = {isa = PBXBuildFile; fileRef = 57D49D2E1F15178D0063C861 /* MemberCollectionViewCell.m */; };
		57D49D711F160D6A0063C861 /* GroupMemberModel.m in Sources */ = {isa = PBXBuildFile; fileRef = 57D49D701F160D6A0063C861 /* GroupMemberModel.m */; };
		57D49D731F1611410063C861 /* member.plist in Resources */ = {isa = PBXBuildFile; fileRef = 57D49D721F1611410063C861 /* member.plist */; };
		57D63DA61F176E3B006EC7A8 /* GroupSearchTableViewCell.m in Sources */ = {isa = PBXBuildFile; fileRef = 57D63DA51F176E3B006EC7A8 /* GroupSearchTableViewCell.m */; };
		57D65F651F271F0800D3BE72 /* MemberSearchTableViewCell.m in Sources */ = {isa = PBXBuildFile; fileRef = 57D65F641F271F0800D3BE72 /* MemberSearchTableViewCell.m */; };
		57D65F6B1F2764C500D3BE72 /* GroupSearchModel.m in Sources */ = {isa = PBXBuildFile; fileRef = 57D65F6A1F2764C500D3BE72 /* GroupSearchModel.m */; };
		57D65F6E1F287ED800D3BE72 /* TxAvatar.m in Sources */ = {isa = PBXBuildFile; fileRef = 57D65F6D1F287ED800D3BE72 /* TxAvatar.m */; };
		57D65FB51F2E3A5F00D3BE72 /* GroupInfoViewController.m in Sources */ = {isa = PBXBuildFile; fileRef = 57D65FB41F2E3A5F00D3BE72 /* GroupInfoViewController.m */; };
		57D65FB81F2E3ABB00D3BE72 /* GroupInfoTableViewCell.m in Sources */ = {isa = PBXBuildFile; fileRef = 57D65FB71F2E3ABB00D3BE72 /* GroupInfoTableViewCell.m */; };
		57D69A2A1DC7832F005E73EA /* CourseModel.m in Sources */ = {isa = PBXBuildFile; fileRef = 57D69A291DC7832F005E73EA /* CourseModel.m */; };
		57D69A2D1DC83734005E73EA /* CourseButton.m in Sources */ = {isa = PBXBuildFile; fileRef = 57D69A2C1DC83734005E73EA /* CourseButton.m */; };
		57DC77721F4A957900F5FF94 /* HXSocketManager.m in Sources */ = {isa = PBXBuildFile; fileRef = 57DC77711F4A957900F5FF94 /* HXSocketManager.m */; };
		57DC77791F4A9B0500F5FF94 /* HXSocketBusinessManager.m in Sources */ = {isa = PBXBuildFile; fileRef = 57DC77781F4A9B0500F5FF94 /* HXSocketBusinessManager.m */; };
		57DC777D1F4ECB9600F5FF94 /* HXErrorManager.m in Sources */ = {isa = PBXBuildFile; fileRef = 57DC777C1F4ECB9600F5FF94 /* HXErrorManager.m */; };
		57EA0A1F1F2086F50003BE87 /* NeedLoginViewController.m in Sources */ = {isa = PBXBuildFile; fileRef = 57EA0A1E1F2086F50003BE87 /* NeedLoginViewController.m */; };
		57EA0A221F20E9490003BE87 /* LoginManager.m in Sources */ = {isa = PBXBuildFile; fileRef = 57EA0A211F20E9490003BE87 /* LoginManager.m */; };
		E2647DF71DD05CAD0034BE4D /* businessviewcell.m in Sources */ = {isa = PBXBuildFile; fileRef = E2647DF61DD05CAD0034BE4D /* businessviewcell.m */; };
		E26B70071E6AFF60000A08CB /* CourseTimeCell.m in Sources */ = {isa = PBXBuildFile; fileRef = E26B70061E6AFF60000A08CB /* CourseTimeCell.m */; };
		E26B70121E6AFF75000A08CB /* dayselectview.m in Sources */ = {isa = PBXBuildFile; fileRef = E26B70091E6AFF75000A08CB /* dayselectview.m */; };
		E26B70131E6AFF75000A08CB /* DaySelectCell.m in Sources */ = {isa = PBXBuildFile; fileRef = E26B700B1E6AFF75000A08CB /* DaySelectCell.m */; };
		E26B70141E6AFF75000A08CB /* weekselectview.m in Sources */ = {isa = PBXBuildFile; fileRef = E26B700D1E6AFF75000A08CB /* weekselectview.m */; };
		E26B70151E6AFF75000A08CB /* timeselecteview.m in Sources */ = {isa = PBXBuildFile; fileRef = E26B700F1E6AFF75000A08CB /* timeselecteview.m */; };
		E26B701C1E6AFFA2000A08CB /* CourseViewController.m in Sources */ = {isa = PBXBuildFile; fileRef = E26B701B1E6AFFA2000A08CB /* CourseViewController.m */; };
		E2F0B70B1DD3653F00AEE343 /* DayViewCell.m in Sources */ = {isa = PBXBuildFile; fileRef = E2F0B70A1DD3653F00AEE343 /* DayViewCell.m */; };
		EAB20136F318CDE1EC37771C /* libPods-XiaoYa.a in Frameworks */ = {isa = PBXBuildFile; fileRef = 95B73B7E7C445C004F46A8E9 /* libPods-XiaoYa.a */; };
/* End PBXBuildFile section */

/* Begin PBXContainerItemProxy section */
		579C2FD31DAD000E00E4EE54 /* PBXContainerItemProxy */ = {
			isa = PBXContainerItemProxy;
			containerPortal = 579C2FB11DAD000E00E4EE54 /* Project object */;
			proxyType = 1;
			remoteGlobalIDString = 579C2FB81DAD000E00E4EE54;
			remoteInfo = XiaoYa;
		};
		579C2FDE1DAD000E00E4EE54 /* PBXContainerItemProxy */ = {
			isa = PBXContainerItemProxy;
			containerPortal = 579C2FB11DAD000E00E4EE54 /* Project object */;
			proxyType = 1;
			remoteGlobalIDString = 579C2FB81DAD000E00E4EE54;
			remoteInfo = XiaoYa;
		};
/* End PBXContainerItemProxy section */

/* Begin PBXFileReference section */
		500EDBA1CCDD1D839CAED3F5 /* Pods-XiaoYa.debug.xcconfig */ = {isa = PBXFileReference; includeInIndex = 1; lastKnownFileType = text.xcconfig; name = "Pods-XiaoYa.debug.xcconfig"; path = "Pods/Target Support Files/Pods-XiaoYa/Pods-XiaoYa.debug.xcconfig"; sourceTree = "<group>"; };
		56E5BB360D6DC919DEA12B2C /* Pods-XiaoYa.release.xcconfig */ = {isa = PBXFileReference; includeInIndex = 1; lastKnownFileType = text.xcconfig; name = "Pods-XiaoYa.release.xcconfig"; path = "Pods/Target Support Files/Pods-XiaoYa/Pods-XiaoYa.release.xcconfig"; sourceTree = "<group>"; };
		5711C8751EAB08D700D19AE2 /* MBProgressHUD-Prefix.pch */ = {isa = PBXFileReference; fileEncoding = 4; lastKnownFileType = sourcecode.c.h; path = "MBProgressHUD-Prefix.pch"; sourceTree = "<group>"; };
		5711C8761EAB08D700D19AE2 /* MBProgressHUD.h */ = {isa = PBXFileReference; fileEncoding = 4; lastKnownFileType = sourcecode.c.h; path = MBProgressHUD.h; sourceTree = "<group>"; };
		5711C8771EAB08D700D19AE2 /* MBProgressHUD.m */ = {isa = PBXFileReference; fileEncoding = 4; lastKnownFileType = sourcecode.c.objc; path = MBProgressHUD.m; sourceTree = "<group>"; };
		5711C8791EAB0AC200D19AE2 /* Foundation.framework */ = {isa = PBXFileReference; lastKnownFileType = wrapper.framework; name = Foundation.framework; path = System/Library/Frameworks/Foundation.framework; sourceTree = SDKROOT; };
		5711C87B1EAB0B1000D19AE2 /* UIKit.framework */ = {isa = PBXFileReference; lastKnownFileType = wrapper.framework; name = UIKit.framework; path = System/Library/Frameworks/UIKit.framework; sourceTree = SDKROOT; };
		5711C87D1EAB0B1A00D19AE2 /* CoreGraphics.framework */ = {isa = PBXFileReference; lastKnownFileType = wrapper.framework; name = CoreGraphics.framework; path = System/Library/Frameworks/CoreGraphics.framework; sourceTree = SDKROOT; };
		571A3B281DE0D05A009042BC /* DateUtils.h */ = {isa = PBXFileReference; fileEncoding = 4; lastKnownFileType = sourcecode.c.h; path = DateUtils.h; sourceTree = "<group>"; };
		571A3B291DE0D05A009042BC /* DateUtils.m */ = {isa = PBXFileReference; fileEncoding = 4; lastKnownFileType = sourcecode.c.objc; path = DateUtils.m; sourceTree = "<group>"; };
		571A3B2B1DE0D071009042BC /* CalendarView.h */ = {isa = PBXFileReference; fileEncoding = 4; lastKnownFileType = sourcecode.c.h; path = CalendarView.h; sourceTree = "<group>"; };
		571A3B2C1DE0D071009042BC /* CalendarView.m */ = {isa = PBXFileReference; fileEncoding = 4; lastKnownFileType = sourcecode.c.objc; path = CalendarView.m; sourceTree = "<group>"; };
		571A3B2D1DE0D071009042BC /* DatePicker.h */ = {isa = PBXFileReference; fileEncoding = 4; lastKnownFileType = sourcecode.c.h; path = DatePicker.h; sourceTree = "<group>"; };
		571A3B2E1DE0D071009042BC /* DatePicker.m */ = {isa = PBXFileReference; fileEncoding = 4; lastKnownFileType = sourcecode.c.objc; path = DatePicker.m; sourceTree = "<group>"; };
		571A3B311DE0D07C009042BC /* MonthPicker.h */ = {isa = PBXFileReference; fileEncoding = 4; lastKnownFileType = sourcecode.c.h; path = MonthPicker.h; sourceTree = "<group>"; };
		571A3B321DE0D07C009042BC /* MonthPicker.m */ = {isa = PBXFileReference; fileEncoding = 4; lastKnownFileType = sourcecode.c.objc; path = MonthPicker.m; sourceTree = "<group>"; };
		571A3B341DE0D08A009042BC /* NSDate+Calendar.h */ = {isa = PBXFileReference; fileEncoding = 4; lastKnownFileType = sourcecode.c.h; path = "NSDate+Calendar.h"; sourceTree = "<group>"; };
		571A3B351DE0D08A009042BC /* NSDate+Calendar.m */ = {isa = PBXFileReference; fileEncoding = 4; lastKnownFileType = sourcecode.c.objc; path = "NSDate+Calendar.m"; sourceTree = "<group>"; };
		571A3D081DE82F0C009042BC /* BusinessViewController.h */ = {isa = PBXFileReference; fileEncoding = 4; lastKnownFileType = sourcecode.c.h; path = BusinessViewController.h; sourceTree = "<group>"; };
		571A3D091DE82F0C009042BC /* BusinessViewController.m */ = {isa = PBXFileReference; fileEncoding = 4; lastKnownFileType = sourcecode.c.objc; path = BusinessViewController.m; sourceTree = "<group>"; };
		571B82011DB38BCE001171EE /* Utils.h */ = {isa = PBXFileReference; fileEncoding = 4; lastKnownFileType = sourcecode.c.h; path = Utils.h; sourceTree = "<group>"; };
		571B82021DB38BCE001171EE /* Utils.m */ = {isa = PBXFileReference; fileEncoding = 4; lastKnownFileType = sourcecode.c.objc; path = Utils.m; sourceTree = "<group>"; };
		571B82071DB465D4001171EE /* WeekCell.h */ = {isa = PBXFileReference; fileEncoding = 4; lastKnownFileType = sourcecode.c.h; path = WeekCell.h; sourceTree = "<group>"; };
		571B82081DB465D4001171EE /* WeekCell.m */ = {isa = PBXFileReference; fileEncoding = 4; lastKnownFileType = sourcecode.c.objc; path = WeekCell.m; sourceTree = "<group>"; };
		571B82581DB8AD6C001171EE /* TimeViewCell.h */ = {isa = PBXFileReference; fileEncoding = 4; lastKnownFileType = sourcecode.c.h; path = TimeViewCell.h; sourceTree = "<group>"; };
		571B82591DB8AD6C001171EE /* TimeViewCell.m */ = {isa = PBXFileReference; fileEncoding = 4; lastKnownFileType = sourcecode.c.objc; path = TimeViewCell.m; sourceTree = "<group>"; };
		571DB1A01F5CFF4B00D319EF /* MutipleChoiceCell.h */ = {isa = PBXFileReference; fileEncoding = 4; lastKnownFileType = sourcecode.c.h; path = MutipleChoiceCell.h; sourceTree = "<group>"; };
		571DB1A11F5CFF4B00D319EF /* MutipleChoiceCell.m */ = {isa = PBXFileReference; fileEncoding = 4; lastKnownFileType = sourcecode.c.objc; path = MutipleChoiceCell.m; sourceTree = "<group>"; };
		571DB1A31F5D000400D319EF /* MutipleChoiceView.h */ = {isa = PBXFileReference; fileEncoding = 4; lastKnownFileType = sourcecode.c.h; path = MutipleChoiceView.h; sourceTree = "<group>"; };
		571DB1A41F5D000400D319EF /* MutipleChoiceView.m */ = {isa = PBXFileReference; fileEncoding = 4; lastKnownFileType = sourcecode.c.objc; path = MutipleChoiceView.m; sourceTree = "<group>"; };
		571DB1A61F5D8E1A00D319EF /* BgView.h */ = {isa = PBXFileReference; fileEncoding = 4; lastKnownFileType = sourcecode.c.h; path = BgView.h; sourceTree = "<group>"; };
		571DB1A71F5D8E1A00D319EF /* BgView.m */ = {isa = PBXFileReference; fileEncoding = 4; lastKnownFileType = sourcecode.c.objc; path = BgView.m; sourceTree = "<group>"; };
		571DB1A91F5EEBDD00D319EF /* SectionSchedule.h */ = {isa = PBXFileReference; fileEncoding = 4; lastKnownFileType = sourcecode.c.h; path = SectionSchedule.h; sourceTree = "<group>"; };
		571DB1AA1F5EEBDD00D319EF /* SectionSchedule.m */ = {isa = PBXFileReference; fileEncoding = 4; lastKnownFileType = sourcecode.c.objc; path = SectionSchedule.m; sourceTree = "<group>"; };
		571DB1AC1F5FD97300D319EF /* GroupInfoModel.h */ = {isa = PBXFileReference; fileEncoding = 4; lastKnownFileType = sourcecode.c.h; path = GroupInfoModel.h; sourceTree = "<group>"; };
		571DB1AD1F5FD97300D319EF /* GroupInfoModel.m */ = {isa = PBXFileReference; fileEncoding = 4; lastKnownFileType = sourcecode.c.objc; path = GroupInfoModel.m; sourceTree = "<group>"; };
		571DB1AF1F6126C200D319EF /* SingleChoiceCell.h */ = {isa = PBXFileReference; fileEncoding = 4; lastKnownFileType = sourcecode.c.h; path = SingleChoiceCell.h; sourceTree = "<group>"; };
		571DB1B01F6126C200D319EF /* SingleChoiceCell.m */ = {isa = PBXFileReference; fileEncoding = 4; lastKnownFileType = sourcecode.c.objc; path = SingleChoiceCell.m; sourceTree = "<group>"; };
		571DB1B21F6127E500D319EF /* SingleChoiceView.h */ = {isa = PBXFileReference; fileEncoding = 4; lastKnownFileType = sourcecode.c.h; path = SingleChoiceView.h; sourceTree = "<group>"; };
		571DB1B31F6127E500D319EF /* SingleChoiceView.m */ = {isa = PBXFileReference; fileEncoding = 4; lastKnownFileType = sourcecode.c.objc; path = SingleChoiceView.m; sourceTree = "<group>"; };
		571DB1B51F64279200D319EF /* MemberDetailViewController.h */ = {isa = PBXFileReference; fileEncoding = 4; lastKnownFileType = sourcecode.c.h; path = MemberDetailViewController.h; sourceTree = "<group>"; };
		571DB1B61F64279200D319EF /* MemberDetailViewController.m */ = {isa = PBXFileReference; fileEncoding = 4; lastKnownFileType = sourcecode.c.objc; path = MemberDetailViewController.m; sourceTree = "<group>"; };
		571DB1B81F656DB000D319EF /* MemberListViewController.h */ = {isa = PBXFileReference; fileEncoding = 4; lastKnownFileType = sourcecode.c.h; path = MemberListViewController.h; sourceTree = "<group>"; };
		571DB1B91F656DB000D319EF /* MemberListViewController.m */ = {isa = PBXFileReference; fileEncoding = 4; lastKnownFileType = sourcecode.c.objc; path = MemberListViewController.m; sourceTree = "<group>"; };
		572B6D101F166A520069D1D2 /* AddGroupMemberViewController.h */ = {isa = PBXFileReference; fileEncoding = 4; lastKnownFileType = sourcecode.c.h; path = AddGroupMemberViewController.h; sourceTree = "<group>"; };
		572B6D111F166A520069D1D2 /* AddGroupMemberViewController.m */ = {isa = PBXFileReference; fileEncoding = 4; lastKnownFileType = sourcecode.c.objc; path = AddGroupMemberViewController.m; sourceTree = "<group>"; };
		572B6D131F1748590069D1D2 /* JoinGroupViewController.h */ = {isa = PBXFileReference; fileEncoding = 4; lastKnownFileType = sourcecode.c.h; path = JoinGroupViewController.h; sourceTree = "<group>"; };
		572B6D141F1748590069D1D2 /* JoinGroupViewController.m */ = {isa = PBXFileReference; fileEncoding = 4; lastKnownFileType = sourcecode.c.objc; path = JoinGroupViewController.m; sourceTree = "<group>"; };
		572EA9161F2F2E760052907C /* EventDetailViewController.h */ = {isa = PBXFileReference; fileEncoding = 4; lastKnownFileType = sourcecode.c.h; path = EventDetailViewController.h; sourceTree = "<group>"; };
		572EA9171F2F2E760052907C /* EventDetailViewController.m */ = {isa = PBXFileReference; fileEncoding = 4; lastKnownFileType = sourcecode.c.objc; path = EventDetailViewController.m; sourceTree = "<group>"; };
		572EA91C1F301CF50052907C /* ReasonView.h */ = {isa = PBXFileReference; fileEncoding = 4; lastKnownFileType = sourcecode.c.h; path = ReasonView.h; sourceTree = "<group>"; };
		572EA91D1F301CF50052907C /* ReasonView.m */ = {isa = PBXFileReference; fileEncoding = 4; lastKnownFileType = sourcecode.c.objc; path = ReasonView.m; sourceTree = "<group>"; };
		572EA91F1F305CE30052907C /* EventPublishViewController.h */ = {isa = PBXFileReference; fileEncoding = 4; lastKnownFileType = sourcecode.c.h; path = EventPublishViewController.h; sourceTree = "<group>"; };
		572EA9201F305CE30052907C /* EventPublishViewController.m */ = {isa = PBXFileReference; fileEncoding = 4; lastKnownFileType = sourcecode.c.objc; path = EventPublishViewController.m; sourceTree = "<group>"; };
		572EA9221F3077560052907C /* GroupDetailViewController.h */ = {isa = PBXFileReference; fileEncoding = 4; lastKnownFileType = sourcecode.c.h; path = GroupDetailViewController.h; sourceTree = "<group>"; };
		572EA9231F3077560052907C /* GroupDetailViewController.m */ = {isa = PBXFileReference; fileEncoding = 4; lastKnownFileType = sourcecode.c.objc; path = GroupDetailViewController.m; sourceTree = "<group>"; };
		572EA92B1F31F45F0052907C /* ProtoMessage.pbobjc.h */ = {isa = PBXFileReference; fileEncoding = 4; lastKnownFileType = sourcecode.c.h; path = ProtoMessage.pbobjc.h; sourceTree = "<group>"; };
		572EA92C1F31F45F0052907C /* ProtoMessage.pbobjc.m */ = {isa = PBXFileReference; fileEncoding = 4; lastKnownFileType = sourcecode.c.objc; path = ProtoMessage.pbobjc.m; sourceTree = "<group>"; };
		572EA92E1F32C5870052907C /* GCDAsyncSocket.h */ = {isa = PBXFileReference; fileEncoding = 4; lastKnownFileType = sourcecode.c.h; path = GCDAsyncSocket.h; sourceTree = "<group>"; };
		572EA92F1F32C5870052907C /* GCDAsyncSocket.m */ = {isa = PBXFileReference; fileEncoding = 4; lastKnownFileType = sourcecode.c.objc; path = GCDAsyncSocket.m; sourceTree = "<group>"; };
		573F11091EE6DE4200E9F99E /* LoginViewController.h */ = {isa = PBXFileReference; fileEncoding = 4; lastKnownFileType = sourcecode.c.h; path = LoginViewController.h; sourceTree = "<group>"; };
		573F110A1EE6DE4200E9F99E /* LoginViewController.m */ = {isa = PBXFileReference; fileEncoding = 4; lastKnownFileType = sourcecode.c.objc; path = LoginViewController.m; sourceTree = "<group>"; };
		573F110D1EE7157000E9F99E /* HXTextField.h */ = {isa = PBXFileReference; fileEncoding = 4; lastKnownFileType = sourcecode.c.h; path = HXTextField.h; sourceTree = "<group>"; };
		573F110E1EE7157000E9F99E /* HXTextField.m */ = {isa = PBXFileReference; fileEncoding = 4; lastKnownFileType = sourcecode.c.objc; path = HXTextField.m; sourceTree = "<group>"; };
		573F11101EE7A6AB00E9F99E /* HXButton.h */ = {isa = PBXFileReference; fileEncoding = 4; lastKnownFileType = sourcecode.c.h; path = HXButton.h; sourceTree = "<group>"; };
		573F11111EE7A6AB00E9F99E /* HXButton.m */ = {isa = PBXFileReference; fileEncoding = 4; lastKnownFileType = sourcecode.c.objc; path = HXButton.m; sourceTree = "<group>"; };
		573F11131EE7F60A00E9F99E /* RegisterViewController.h */ = {isa = PBXFileReference; fileEncoding = 4; lastKnownFileType = sourcecode.c.h; path = RegisterViewController.h; sourceTree = "<group>"; };
		573F11141EE7F60A00E9F99E /* RegisterViewController.m */ = {isa = PBXFileReference; fileEncoding = 4; lastKnownFileType = sourcecode.c.objc; path = RegisterViewController.m; sourceTree = "<group>"; };
		574C2BFC1E9F71ED00960399 /* ImpoerCourseViewController.h */ = {isa = PBXFileReference; fileEncoding = 4; lastKnownFileType = sourcecode.c.h; path = ImpoerCourseViewController.h; sourceTree = "<group>"; };
		574C2BFD1E9F71ED00960399 /* ImpoerCourseViewController.m */ = {isa = PBXFileReference; fileEncoding = 4; lastKnownFileType = sourcecode.c.objc; path = ImpoerCourseViewController.m; sourceTree = "<group>"; };
		574C2BFF1E9F9C4800960399 /* TFHpple.h */ = {isa = PBXFileReference; fileEncoding = 4; lastKnownFileType = sourcecode.c.h; path = TFHpple.h; sourceTree = "<group>"; };
		574C2C001E9F9C4800960399 /* TFHpple.m */ = {isa = PBXFileReference; fileEncoding = 4; lastKnownFileType = sourcecode.c.objc; path = TFHpple.m; sourceTree = "<group>"; };
		574C2C011E9F9C4800960399 /* TFHppleElement.h */ = {isa = PBXFileReference; fileEncoding = 4; lastKnownFileType = sourcecode.c.h; path = TFHppleElement.h; sourceTree = "<group>"; };
		574C2C021E9F9C4800960399 /* TFHppleElement.m */ = {isa = PBXFileReference; fileEncoding = 4; lastKnownFileType = sourcecode.c.objc; path = TFHppleElement.m; sourceTree = "<group>"; };
		574C2C031E9F9C4800960399 /* XPathQuery.h */ = {isa = PBXFileReference; fileEncoding = 4; lastKnownFileType = sourcecode.c.h; path = XPathQuery.h; sourceTree = "<group>"; };
		574C2C041E9F9C4800960399 /* XPathQuery.m */ = {isa = PBXFileReference; fileEncoding = 4; lastKnownFileType = sourcecode.c.objc; path = XPathQuery.m; sourceTree = "<group>"; };
		574C2C091E9FA2E000960399 /* libxml2.2.tbd */ = {isa = PBXFileReference; lastKnownFileType = "sourcecode.text-based-dylib-definition"; name = libxml2.2.tbd; path = usr/lib/libxml2.2.tbd; sourceTree = SDKROOT; };
		574C2C0B1E9FA32E00960399 /* libxml2.tbd */ = {isa = PBXFileReference; lastKnownFileType = "sourcecode.text-based-dylib-definition"; name = libxml2.tbd; path = usr/lib/libxml2.tbd; sourceTree = SDKROOT; };
		577430941E9374020027D471 /* EventKitManager.h */ = {isa = PBXFileReference; fileEncoding = 4; lastKnownFileType = sourcecode.c.h; path = EventKitManager.h; sourceTree = "<group>"; };
		577430951E9374020027D471 /* EventKitManager.m */ = {isa = PBXFileReference; fileEncoding = 4; lastKnownFileType = sourcecode.c.objc; path = EventKitManager.m; sourceTree = "<group>"; };
		577430971E9374C70027D471 /* EventKit.framework */ = {isa = PBXFileReference; lastKnownFileType = wrapper.framework; name = EventKit.framework; path = System/Library/Frameworks/EventKit.framework; sourceTree = SDKROOT; };
		577430981E9374C70027D471 /* EventKitUI.framework */ = {isa = PBXFileReference; lastKnownFileType = wrapper.framework; name = EventKitUI.framework; path = System/Library/Frameworks/EventKitUI.framework; sourceTree = SDKROOT; };
		577C66FB1EE828D30006E783 /* RegiTextCodeViewController.h */ = {isa = PBXFileReference; fileEncoding = 4; lastKnownFileType = sourcecode.c.h; path = RegiTextCodeViewController.h; sourceTree = "<group>"; };
		577C66FC1EE828D30006E783 /* RegiTextCodeViewController.m */ = {isa = PBXFileReference; fileEncoding = 4; lastKnownFileType = sourcecode.c.objc; path = RegiTextCodeViewController.m; sourceTree = "<group>"; };
		577C67051EE870F10006E783 /* NSTimer+Addition.h */ = {isa = PBXFileReference; fileEncoding = 4; lastKnownFileType = sourcecode.c.h; path = "NSTimer+Addition.h"; sourceTree = "<group>"; };
		577C67061EE870F10006E783 /* NSTimer+Addition.m */ = {isa = PBXFileReference; fileEncoding = 4; lastKnownFileType = sourcecode.c.objc; path = "NSTimer+Addition.m"; sourceTree = "<group>"; };
		577C67081EE96C360006E783 /* RegiPwdViewController.h */ = {isa = PBXFileReference; fileEncoding = 4; lastKnownFileType = sourcecode.c.h; path = RegiPwdViewController.h; sourceTree = "<group>"; };
		577C67091EE96C360006E783 /* RegiPwdViewController.m */ = {isa = PBXFileReference; fileEncoding = 4; lastKnownFileType = sourcecode.c.objc; path = RegiPwdViewController.m; sourceTree = "<group>"; };
		577C670B1EE970D00006E783 /* RegiNameViewController.h */ = {isa = PBXFileReference; fileEncoding = 4; lastKnownFileType = sourcecode.c.h; path = RegiNameViewController.h; sourceTree = "<group>"; };
		577C670C1EE970D00006E783 /* RegiNameViewController.m */ = {isa = PBXFileReference; fileEncoding = 4; lastKnownFileType = sourcecode.c.objc; path = RegiNameViewController.m; sourceTree = "<group>"; };
		577C670E1EE974060006E783 /* ResetPhoneViewController.h */ = {isa = PBXFileReference; fileEncoding = 4; lastKnownFileType = sourcecode.c.h; path = ResetPhoneViewController.h; sourceTree = "<group>"; };
		577C670F1EE974060006E783 /* ResetPhoneViewController.m */ = {isa = PBXFileReference; fileEncoding = 4; lastKnownFileType = sourcecode.c.objc; path = ResetPhoneViewController.m; sourceTree = "<group>"; };
		577C67111EE9752A0006E783 /* ResetTextCodeViewController.h */ = {isa = PBXFileReference; fileEncoding = 4; lastKnownFileType = sourcecode.c.h; path = ResetTextCodeViewController.h; sourceTree = "<group>"; };
		577C67121EE9752A0006E783 /* ResetTextCodeViewController.m */ = {isa = PBXFileReference; fileEncoding = 4; lastKnownFileType = sourcecode.c.objc; path = ResetTextCodeViewController.m; sourceTree = "<group>"; };
		577C67141EE976A10006E783 /* ResetPwdViewController.h */ = {isa = PBXFileReference; fileEncoding = 4; lastKnownFileType = sourcecode.c.h; path = ResetPwdViewController.h; sourceTree = "<group>"; };
		577C67151EE976A10006E783 /* ResetPwdViewController.m */ = {isa = PBXFileReference; fileEncoding = 4; lastKnownFileType = sourcecode.c.objc; path = ResetPwdViewController.m; sourceTree = "<group>"; };
		577C67181EED676B0006E783 /* HXNetworking.h */ = {isa = PBXFileReference; fileEncoding = 4; lastKnownFileType = sourcecode.c.h; path = HXNetworking.h; sourceTree = "<group>"; };
		577C67191EED676B0006E783 /* HXNetworking.m */ = {isa = PBXFileReference; fileEncoding = 4; lastKnownFileType = sourcecode.c.objc; path = HXNetworking.m; sourceTree = "<group>"; };
		577FA5C31DEBDE0400A0AEF7 /* BusinessCourseManage.h */ = {isa = PBXFileReference; fileEncoding = 4; lastKnownFileType = sourcecode.c.h; path = BusinessCourseManage.h; sourceTree = "<group>"; };
		577FA5C41DEBDE0400A0AEF7 /* BusinessCourseManage.m */ = {isa = PBXFileReference; fileEncoding = 4; lastKnownFileType = sourcecode.c.objc; path = BusinessCourseManage.m; sourceTree = "<group>"; };
		577FA5C91DEC2AF800A0AEF7 /* SectionSelectTableViewCell.h */ = {isa = PBXFileReference; fileEncoding = 4; lastKnownFileType = sourcecode.c.h; path = SectionSelectTableViewCell.h; sourceTree = "<group>"; };
		577FA5CA1DEC2AF800A0AEF7 /* SectionSelectTableViewCell.m */ = {isa = PBXFileReference; fileEncoding = 4; lastKnownFileType = sourcecode.c.objc; path = SectionSelectTableViewCell.m; sourceTree = "<group>"; };
		577FA5CC1DEC45C400A0AEF7 /* SectionSelect.h */ = {isa = PBXFileReference; fileEncoding = 4; lastKnownFileType = sourcecode.c.h; path = SectionSelect.h; sourceTree = "<group>"; };
		577FA5CD1DEC45C400A0AEF7 /* SectionSelect.m */ = {isa = PBXFileReference; fileEncoding = 4; lastKnownFileType = sourcecode.c.objc; path = SectionSelect.m; sourceTree = "<group>"; };
		577FA5CF1DEDD5EB00A0AEF7 /* PublicTemplateCell.h */ = {isa = PBXFileReference; fileEncoding = 4; lastKnownFileType = sourcecode.c.h; path = PublicTemplateCell.h; sourceTree = "<group>"; };
		577FA5D01DEDD5EB00A0AEF7 /* PublicTemplateCell.m */ = {isa = PBXFileReference; fileEncoding = 4; lastKnownFileType = sourcecode.c.objc; path = PublicTemplateCell.m; sourceTree = "<group>"; };
		5782CE761E7288C100DA4947 /* TimeSelectedTableViewCell.h */ = {isa = PBXFileReference; fileEncoding = 4; lastKnownFileType = sourcecode.c.h; path = TimeSelectedTableViewCell.h; sourceTree = "<group>"; };
		5782CE771E7288C100DA4947 /* TimeSelectedTableViewCell.m */ = {isa = PBXFileReference; fileEncoding = 4; lastKnownFileType = sourcecode.c.objc; path = TimeSelectedTableViewCell.m; sourceTree = "<group>"; };
		579C2FB91DAD000E00E4EE54 /* XiaoYa.app */ = {isa = PBXFileReference; explicitFileType = wrapper.application; includeInIndex = 0; path = XiaoYa.app; sourceTree = BUILT_PRODUCTS_DIR; };
		579C2FBD1DAD000E00E4EE54 /* main.m */ = {isa = PBXFileReference; lastKnownFileType = sourcecode.c.objc; path = main.m; sourceTree = "<group>"; };
		579C2FBF1DAD000E00E4EE54 /* AppDelegate.h */ = {isa = PBXFileReference; lastKnownFileType = sourcecode.c.h; path = AppDelegate.h; sourceTree = "<group>"; };
		579C2FC01DAD000E00E4EE54 /* AppDelegate.m */ = {isa = PBXFileReference; lastKnownFileType = sourcecode.c.objc; path = AppDelegate.m; sourceTree = "<group>"; };
		579C2FC81DAD000E00E4EE54 /* Assets.xcassets */ = {isa = PBXFileReference; lastKnownFileType = folder.assetcatalog; path = Assets.xcassets; sourceTree = "<group>"; };
		579C2FCB1DAD000E00E4EE54 /* Base */ = {isa = PBXFileReference; lastKnownFileType = file.storyboard; name = Base; path = Base.lproj/LaunchScreen.storyboard; sourceTree = "<group>"; };
		579C2FCD1DAD000E00E4EE54 /* Info.plist */ = {isa = PBXFileReference; lastKnownFileType = text.plist.xml; path = Info.plist; sourceTree = "<group>"; };
		579C2FD21DAD000E00E4EE54 /* XiaoYaTests.xctest */ = {isa = PBXFileReference; explicitFileType = wrapper.cfbundle; includeInIndex = 0; path = XiaoYaTests.xctest; sourceTree = BUILT_PRODUCTS_DIR; };
		579C2FD61DAD000E00E4EE54 /* XiaoYaTests.m */ = {isa = PBXFileReference; lastKnownFileType = sourcecode.c.objc; path = XiaoYaTests.m; sourceTree = "<group>"; };
		579C2FD81DAD000E00E4EE54 /* Info.plist */ = {isa = PBXFileReference; lastKnownFileType = text.plist.xml; path = Info.plist; sourceTree = "<group>"; };
		579C2FDD1DAD000E00E4EE54 /* XiaoYaUITests.xctest */ = {isa = PBXFileReference; explicitFileType = wrapper.cfbundle; includeInIndex = 0; path = XiaoYaUITests.xctest; sourceTree = BUILT_PRODUCTS_DIR; };
		579C2FE11DAD000E00E4EE54 /* XiaoYaUITests.m */ = {isa = PBXFileReference; lastKnownFileType = sourcecode.c.objc; path = XiaoYaUITests.m; sourceTree = "<group>"; };
		579C2FE31DAD000E00E4EE54 /* Info.plist */ = {isa = PBXFileReference; lastKnownFileType = text.plist.xml; path = Info.plist; sourceTree = "<group>"; };
		579C2FF21DAD02EF00E4EE54 /* CourseTableViewController.h */ = {isa = PBXFileReference; fileEncoding = 4; lastKnownFileType = sourcecode.c.h; path = CourseTableViewController.h; sourceTree = "<group>"; };
		579C2FF31DAD02EF00E4EE54 /* CourseTableViewController.m */ = {isa = PBXFileReference; fileEncoding = 4; lastKnownFileType = sourcecode.c.objc; path = CourseTableViewController.m; sourceTree = "<group>"; };
		579C2FF51DAD036000E4EE54 /* WeekSheet.h */ = {isa = PBXFileReference; fileEncoding = 4; lastKnownFileType = sourcecode.c.h; path = WeekSheet.h; sourceTree = "<group>"; };
		579C2FF61DAD036000E4EE54 /* WeekSheet.m */ = {isa = PBXFileReference; fileEncoding = 4; lastKnownFileType = sourcecode.c.objc; path = WeekSheet.m; sourceTree = "<group>"; };
		57BDFA111E2E038D00C0E254 /* DbManager.h */ = {isa = PBXFileReference; fileEncoding = 4; lastKnownFileType = sourcecode.c.h; path = DbManager.h; sourceTree = "<group>"; };
		57BDFA121E2E038D00C0E254 /* DbManager.m */ = {isa = PBXFileReference; fileEncoding = 4; lastKnownFileType = sourcecode.c.objc; path = DbManager.m; sourceTree = "<group>"; };
		57BDFA141E2E111B00C0E254 /* libsqlite3.0.tbd */ = {isa = PBXFileReference; lastKnownFileType = "sourcecode.text-based-dylib-definition"; name = libsqlite3.0.tbd; path = usr/lib/libsqlite3.0.tbd; sourceTree = SDKROOT; };
		57BDFA161E326E0500C0E254 /* UILabel+AlertActionFont.h */ = {isa = PBXFileReference; fileEncoding = 4; lastKnownFileType = sourcecode.c.h; path = "UILabel+AlertActionFont.h"; sourceTree = "<group>"; };
		57BDFA171E326E0500C0E254 /* UILabel+AlertActionFont.m */ = {isa = PBXFileReference; fileEncoding = 4; lastKnownFileType = sourcecode.c.objc; path = "UILabel+AlertActionFont.m"; sourceTree = "<group>"; };
		57BDFA191E4CB98000C0E254 /* BusinessModel.h */ = {isa = PBXFileReference; fileEncoding = 4; lastKnownFileType = sourcecode.c.h; path = BusinessModel.h; sourceTree = "<group>"; };
		57BDFA1A1E4CB98100C0E254 /* BusinessModel.m */ = {isa = PBXFileReference; fileEncoding = 4; lastKnownFileType = sourcecode.c.objc; path = BusinessModel.m; sourceTree = "<group>"; };
		57BDFA1C1E4CCB5E00C0E254 /* UIView+Extend.h */ = {isa = PBXFileReference; fileEncoding = 4; lastKnownFileType = sourcecode.c.h; path = "UIView+Extend.h"; sourceTree = "<group>"; };
		57BDFA1D1E4CCB5E00C0E254 /* UIView+Extend.m */ = {isa = PBXFileReference; fileEncoding = 4; lastKnownFileType = sourcecode.c.objc; path = "UIView+Extend.m"; sourceTree = "<group>"; };
		57BDFA1F1E52EF1300C0E254 /* CommentViewController.h */ = {isa = PBXFileReference; fileEncoding = 4; lastKnownFileType = sourcecode.c.h; path = CommentViewController.h; sourceTree = "<group>"; };
		57BDFA201E52EF1300C0E254 /* CommentViewController.m */ = {isa = PBXFileReference; fileEncoding = 4; lastKnownFileType = sourcecode.c.objc; path = CommentViewController.m; sourceTree = "<group>"; };
		57BDFA221E52F06A00C0E254 /* UIAlertController+Appearance.h */ = {isa = PBXFileReference; fileEncoding = 4; lastKnownFileType = sourcecode.c.h; path = "UIAlertController+Appearance.h"; sourceTree = "<group>"; };
		57BDFA231E52F06A00C0E254 /* UIAlertController+Appearance.m */ = {isa = PBXFileReference; fileEncoding = 4; lastKnownFileType = sourcecode.c.objc; path = "UIAlertController+Appearance.m"; sourceTree = "<group>"; };
		57C761221E7D9EBC0002FA77 /* CollectView.h */ = {isa = PBXFileReference; fileEncoding = 4; lastKnownFileType = sourcecode.c.h; path = CollectView.h; sourceTree = "<group>"; };
		57C761231E7D9EBC0002FA77 /* CollectView.m */ = {isa = PBXFileReference; fileEncoding = 4; lastKnownFileType = sourcecode.c.objc; path = CollectView.m; sourceTree = "<group>"; };
		57C761251E7E57320002FA77 /* CollectionViewCell.h */ = {isa = PBXFileReference; fileEncoding = 4; lastKnownFileType = sourcecode.c.h; path = CollectionViewCell.h; sourceTree = "<group>"; };
		57C761261E7E57320002FA77 /* CollectionViewCell.m */ = {isa = PBXFileReference; fileEncoding = 4; lastKnownFileType = sourcecode.c.objc; path = CollectionViewCell.m; sourceTree = "<group>"; };
		57D49D1D1F0FB9660063C861 /* GroupHomePageViewController.h */ = {isa = PBXFileReference; fileEncoding = 4; lastKnownFileType = sourcecode.c.h; path = GroupHomePageViewController.h; sourceTree = "<group>"; };
		57D49D1E1F0FB9660063C861 /* GroupHomePageViewController.m */ = {isa = PBXFileReference; fileEncoding = 4; lastKnownFileType = sourcecode.c.objc; path = GroupHomePageViewController.m; sourceTree = "<group>"; };
		57D49D211F121AD90063C861 /* GroupHomePageCell.h */ = {isa = PBXFileReference; fileEncoding = 4; lastKnownFileType = sourcecode.c.h; path = GroupHomePageCell.h; sourceTree = "<group>"; };
		57D49D221F121AD90063C861 /* GroupHomePageCell.m */ = {isa = PBXFileReference; fileEncoding = 4; lastKnownFileType = sourcecode.c.objc; path = GroupHomePageCell.m; sourceTree = "<group>"; };
		57D49D241F13DA740063C861 /* test.plist */ = {isa = PBXFileReference; fileEncoding = 4; lastKnownFileType = text.plist.xml; path = test.plist; sourceTree = "<group>"; };
		57D49D261F13DC890063C861 /* GroupListModel.h */ = {isa = PBXFileReference; fileEncoding = 4; lastKnownFileType = sourcecode.c.h; path = GroupListModel.h; sourceTree = "<group>"; };
		57D49D271F13DC890063C861 /* GroupListModel.m */ = {isa = PBXFileReference; fileEncoding = 4; lastKnownFileType = sourcecode.c.objc; path = GroupListModel.m; sourceTree = "<group>"; };
		57D49D2A1F14BFDD0063C861 /* GroupCreateViewController.h */ = {isa = PBXFileReference; fileEncoding = 4; lastKnownFileType = sourcecode.c.h; path = GroupCreateViewController.h; sourceTree = "<group>"; };
		57D49D2B1F14BFDD0063C861 /* GroupCreateViewController.m */ = {isa = PBXFileReference; fileEncoding = 4; lastKnownFileType = sourcecode.c.objc; path = GroupCreateViewController.m; sourceTree = "<group>"; };
		57D49D2D1F15178D0063C861 /* MemberCollectionViewCell.h */ = {isa = PBXFileReference; fileEncoding = 4; lastKnownFileType = sourcecode.c.h; path = MemberCollectionViewCell.h; sourceTree = "<group>"; };
		57D49D2E1F15178D0063C861 /* MemberCollectionViewCell.m */ = {isa = PBXFileReference; fileEncoding = 4; lastKnownFileType = sourcecode.c.objc; path = MemberCollectionViewCell.m; sourceTree = "<group>"; };
		57D49D6F1F160D6A0063C861 /* GroupMemberModel.h */ = {isa = PBXFileReference; fileEncoding = 4; lastKnownFileType = sourcecode.c.h; path = GroupMemberModel.h; sourceTree = "<group>"; };
		57D49D701F160D6A0063C861 /* GroupMemberModel.m */ = {isa = PBXFileReference; fileEncoding = 4; lastKnownFileType = sourcecode.c.objc; path = GroupMemberModel.m; sourceTree = "<group>"; };
		57D49D721F1611410063C861 /* member.plist */ = {isa = PBXFileReference; fileEncoding = 4; lastKnownFileType = text.plist.xml; path = member.plist; sourceTree = "<group>"; };
		57D63DA41F176E3B006EC7A8 /* GroupSearchTableViewCell.h */ = {isa = PBXFileReference; fileEncoding = 4; lastKnownFileType = sourcecode.c.h; path = GroupSearchTableViewCell.h; sourceTree = "<group>"; };
		57D63DA51F176E3B006EC7A8 /* GroupSearchTableViewCell.m */ = {isa = PBXFileReference; fileEncoding = 4; lastKnownFileType = sourcecode.c.objc; path = GroupSearchTableViewCell.m; sourceTree = "<group>"; };
		57D65F631F271F0800D3BE72 /* MemberSearchTableViewCell.h */ = {isa = PBXFileReference; fileEncoding = 4; lastKnownFileType = sourcecode.c.h; path = MemberSearchTableViewCell.h; sourceTree = "<group>"; };
		57D65F641F271F0800D3BE72 /* MemberSearchTableViewCell.m */ = {isa = PBXFileReference; fileEncoding = 4; lastKnownFileType = sourcecode.c.objc; path = MemberSearchTableViewCell.m; sourceTree = "<group>"; };
		57D65F691F2764C500D3BE72 /* GroupSearchModel.h */ = {isa = PBXFileReference; fileEncoding = 4; lastKnownFileType = sourcecode.c.h; path = GroupSearchModel.h; sourceTree = "<group>"; };
		57D65F6A1F2764C500D3BE72 /* GroupSearchModel.m */ = {isa = PBXFileReference; fileEncoding = 4; lastKnownFileType = sourcecode.c.objc; path = GroupSearchModel.m; sourceTree = "<group>"; };
		57D65F6C1F287ED800D3BE72 /* TxAvatar.h */ = {isa = PBXFileReference; fileEncoding = 4; lastKnownFileType = sourcecode.c.h; path = TxAvatar.h; sourceTree = "<group>"; };
		57D65F6D1F287ED800D3BE72 /* TxAvatar.m */ = {isa = PBXFileReference; fileEncoding = 4; lastKnownFileType = sourcecode.c.objc; path = TxAvatar.m; sourceTree = "<group>"; };
		57D65FB31F2E3A5E00D3BE72 /* GroupInfoViewController.h */ = {isa = PBXFileReference; fileEncoding = 4; lastKnownFileType = sourcecode.c.h; path = GroupInfoViewController.h; sourceTree = "<group>"; };
		57D65FB41F2E3A5F00D3BE72 /* GroupInfoViewController.m */ = {isa = PBXFileReference; fileEncoding = 4; lastKnownFileType = sourcecode.c.objc; path = GroupInfoViewController.m; sourceTree = "<group>"; };
		57D65FB61F2E3ABB00D3BE72 /* GroupInfoTableViewCell.h */ = {isa = PBXFileReference; fileEncoding = 4; lastKnownFileType = sourcecode.c.h; path = GroupInfoTableViewCell.h; sourceTree = "<group>"; };
		57D65FB71F2E3ABB00D3BE72 /* GroupInfoTableViewCell.m */ = {isa = PBXFileReference; fileEncoding = 4; lastKnownFileType = sourcecode.c.objc; path = GroupInfoTableViewCell.m; sourceTree = "<group>"; };
		57D69A281DC7832F005E73EA /* CourseModel.h */ = {isa = PBXFileReference; fileEncoding = 4; lastKnownFileType = sourcecode.c.h; path = CourseModel.h; sourceTree = "<group>"; };
		57D69A291DC7832F005E73EA /* CourseModel.m */ = {isa = PBXFileReference; fileEncoding = 4; lastKnownFileType = sourcecode.c.objc; path = CourseModel.m; sourceTree = "<group>"; };
		57D69A2B1DC83734005E73EA /* CourseButton.h */ = {isa = PBXFileReference; fileEncoding = 4; lastKnownFileType = sourcecode.c.h; path = CourseButton.h; sourceTree = "<group>"; };
		57D69A2C1DC83734005E73EA /* CourseButton.m */ = {isa = PBXFileReference; fileEncoding = 4; lastKnownFileType = sourcecode.c.objc; path = CourseButton.m; sourceTree = "<group>"; };
		57DC77701F4A957900F5FF94 /* HXSocketManager.h */ = {isa = PBXFileReference; fileEncoding = 4; lastKnownFileType = sourcecode.c.h; path = HXSocketManager.h; sourceTree = "<group>"; };
		57DC77711F4A957900F5FF94 /* HXSocketManager.m */ = {isa = PBXFileReference; fileEncoding = 4; lastKnownFileType = sourcecode.c.objc; path = HXSocketManager.m; sourceTree = "<group>"; };
		57DC77751F4A99B200F5FF94 /* HXSocketConfig.h */ = {isa = PBXFileReference; lastKnownFileType = sourcecode.c.h; path = HXSocketConfig.h; sourceTree = "<group>"; };
		57DC77771F4A9B0500F5FF94 /* HXSocketBusinessManager.h */ = {isa = PBXFileReference; fileEncoding = 4; lastKnownFileType = sourcecode.c.h; path = HXSocketBusinessManager.h; sourceTree = "<group>"; };
		57DC77781F4A9B0500F5FF94 /* HXSocketBusinessManager.m */ = {isa = PBXFileReference; fileEncoding = 4; lastKnownFileType = sourcecode.c.objc; path = HXSocketBusinessManager.m; sourceTree = "<group>"; };
		57DC777B1F4ECB9600F5FF94 /* HXErrorManager.h */ = {isa = PBXFileReference; fileEncoding = 4; lastKnownFileType = sourcecode.c.h; path = HXErrorManager.h; sourceTree = "<group>"; };
		57DC777C1F4ECB9600F5FF94 /* HXErrorManager.m */ = {isa = PBXFileReference; fileEncoding = 4; lastKnownFileType = sourcecode.c.objc; path = HXErrorManager.m; sourceTree = "<group>"; };
		57EA0A1D1F2086F50003BE87 /* NeedLoginViewController.h */ = {isa = PBXFileReference; fileEncoding = 4; lastKnownFileType = sourcecode.c.h; path = NeedLoginViewController.h; sourceTree = "<group>"; };
		57EA0A1E1F2086F50003BE87 /* NeedLoginViewController.m */ = {isa = PBXFileReference; fileEncoding = 4; lastKnownFileType = sourcecode.c.objc; path = NeedLoginViewController.m; sourceTree = "<group>"; };
		57EA0A201F20E9480003BE87 /* LoginManager.h */ = {isa = PBXFileReference; fileEncoding = 4; lastKnownFileType = sourcecode.c.h; path = LoginManager.h; sourceTree = "<group>"; };
		57EA0A211F20E9490003BE87 /* LoginManager.m */ = {isa = PBXFileReference; fileEncoding = 4; lastKnownFileType = sourcecode.c.objc; path = LoginManager.m; sourceTree = "<group>"; };
		95B73B7E7C445C004F46A8E9 /* libPods-XiaoYa.a */ = {isa = PBXFileReference; explicitFileType = archive.ar; includeInIndex = 0; path = "libPods-XiaoYa.a"; sourceTree = BUILT_PRODUCTS_DIR; };
		E2647DF51DD05CAD0034BE4D /* businessviewcell.h */ = {isa = PBXFileReference; fileEncoding = 4; lastKnownFileType = sourcecode.c.h; path = businessviewcell.h; sourceTree = "<group>"; };
		E2647DF61DD05CAD0034BE4D /* businessviewcell.m */ = {isa = PBXFileReference; fileEncoding = 4; lastKnownFileType = sourcecode.c.objc; path = businessviewcell.m; sourceTree = "<group>"; };
		E26B70051E6AFF60000A08CB /* CourseTimeCell.h */ = {isa = PBXFileReference; fileEncoding = 4; lastKnownFileType = sourcecode.c.h; path = CourseTimeCell.h; sourceTree = "<group>"; };
		E26B70061E6AFF60000A08CB /* CourseTimeCell.m */ = {isa = PBXFileReference; fileEncoding = 4; lastKnownFileType = sourcecode.c.objc; path = CourseTimeCell.m; sourceTree = "<group>"; };
		E26B70081E6AFF75000A08CB /* dayselectview.h */ = {isa = PBXFileReference; fileEncoding = 4; lastKnownFileType = sourcecode.c.h; path = dayselectview.h; sourceTree = "<group>"; };
		E26B70091E6AFF75000A08CB /* dayselectview.m */ = {isa = PBXFileReference; fileEncoding = 4; lastKnownFileType = sourcecode.c.objc; path = dayselectview.m; sourceTree = "<group>"; };
		E26B700A1E6AFF75000A08CB /* DaySelectCell.h */ = {isa = PBXFileReference; fileEncoding = 4; lastKnownFileType = sourcecode.c.h; path = DaySelectCell.h; sourceTree = "<group>"; };
		E26B700B1E6AFF75000A08CB /* DaySelectCell.m */ = {isa = PBXFileReference; fileEncoding = 4; lastKnownFileType = sourcecode.c.objc; path = DaySelectCell.m; sourceTree = "<group>"; };
		E26B700C1E6AFF75000A08CB /* weekselectview.h */ = {isa = PBXFileReference; fileEncoding = 4; lastKnownFileType = sourcecode.c.h; path = weekselectview.h; sourceTree = "<group>"; };
		E26B700D1E6AFF75000A08CB /* weekselectview.m */ = {isa = PBXFileReference; fileEncoding = 4; lastKnownFileType = sourcecode.c.objc; path = weekselectview.m; sourceTree = "<group>"; };
		E26B700E1E6AFF75000A08CB /* timeselecteview.h */ = {isa = PBXFileReference; fileEncoding = 4; lastKnownFileType = sourcecode.c.h; path = timeselecteview.h; sourceTree = "<group>"; };
		E26B700F1E6AFF75000A08CB /* timeselecteview.m */ = {isa = PBXFileReference; fileEncoding = 4; lastKnownFileType = sourcecode.c.objc; path = timeselecteview.m; sourceTree = "<group>"; };
		E26B701A1E6AFFA2000A08CB /* CourseViewController.h */ = {isa = PBXFileReference; fileEncoding = 4; lastKnownFileType = sourcecode.c.h; path = CourseViewController.h; sourceTree = "<group>"; };
		E26B701B1E6AFFA2000A08CB /* CourseViewController.m */ = {isa = PBXFileReference; fileEncoding = 4; lastKnownFileType = sourcecode.c.objc; path = CourseViewController.m; sourceTree = "<group>"; };
		E2F0B7091DD3653F00AEE343 /* DayViewCell.h */ = {isa = PBXFileReference; fileEncoding = 4; lastKnownFileType = sourcecode.c.h; path = DayViewCell.h; sourceTree = "<group>"; };
		E2F0B70A1DD3653F00AEE343 /* DayViewCell.m */ = {isa = PBXFileReference; fileEncoding = 4; lastKnownFileType = sourcecode.c.objc; path = DayViewCell.m; sourceTree = "<group>"; };
/* End PBXFileReference section */

/* Begin PBXFrameworksBuildPhase section */
		579C2FB61DAD000E00E4EE54 /* Frameworks */ = {
			isa = PBXFrameworksBuildPhase;
			buildActionMask = 2147483647;
			files = (
				5711C87E1EAB0B1A00D19AE2 /* CoreGraphics.framework in Frameworks */,
				5711C87C1EAB0B1000D19AE2 /* UIKit.framework in Frameworks */,
				5711C87A1EAB0AC200D19AE2 /* Foundation.framework in Frameworks */,
				574C2C0A1E9FA2E000960399 /* libxml2.2.tbd in Frameworks */,
				577430991E9374C70027D471 /* EventKit.framework in Frameworks */,
				5774309A1E9374C70027D471 /* EventKitUI.framework in Frameworks */,
				57BDFA151E2E111B00C0E254 /* libsqlite3.0.tbd in Frameworks */,
				EAB20136F318CDE1EC37771C /* libPods-XiaoYa.a in Frameworks */,
			);
			runOnlyForDeploymentPostprocessing = 0;
		};
		579C2FCF1DAD000E00E4EE54 /* Frameworks */ = {
			isa = PBXFrameworksBuildPhase;
			buildActionMask = 2147483647;
			files = (
			);
			runOnlyForDeploymentPostprocessing = 0;
		};
		579C2FDA1DAD000E00E4EE54 /* Frameworks */ = {
			isa = PBXFrameworksBuildPhase;
			buildActionMask = 2147483647;
			files = (
			);
			runOnlyForDeploymentPostprocessing = 0;
		};
/* End PBXFrameworksBuildPhase section */

/* Begin PBXGroup section */
		5711C8741EAB08AA00D19AE2 /* MBProgressHUD */ = {
			isa = PBXGroup;
			children = (
				5711C8751EAB08D700D19AE2 /* MBProgressHUD-Prefix.pch */,
				5711C8761EAB08D700D19AE2 /* MBProgressHUD.h */,
				5711C8771EAB08D700D19AE2 /* MBProgressHUD.m */,
			);
			name = MBProgressHUD;
			sourceTree = "<group>";
		};
		571A3B271DE0D030009042BC /* Util */ = {
			isa = PBXGroup;
			children = (
				57DC77731F4A958E00F5FF94 /* Category */,
				571A3B281DE0D05A009042BC /* DateUtils.h */,
				571A3B291DE0D05A009042BC /* DateUtils.m */,
				571B82011DB38BCE001171EE /* Utils.h */,
				571B82021DB38BCE001171EE /* Utils.m */,
				57BDFA111E2E038D00C0E254 /* DbManager.h */,
				57BDFA121E2E038D00C0E254 /* DbManager.m */,
				577430941E9374020027D471 /* EventKitManager.h */,
				577430951E9374020027D471 /* EventKitManager.m */,
				57EA0A201F20E9480003BE87 /* LoginManager.h */,
				57EA0A211F20E9490003BE87 /* LoginManager.m */,
				577C67181EED676B0006E783 /* HXNetworking.h */,
				577C67191EED676B0006E783 /* HXNetworking.m */,
			);
			name = Util;
			sourceTree = "<group>";
		};
		571B82041DB4657A001171EE /* views */ = {
			isa = PBXGroup;
			children = (
				57D65FB91F2F1ADB00D3BE72 /* 聊天 */,
				57D49D201F1214AE0063C861 /* 群组 */,
				577FA5C61DEC263D00A0AEF7 /* 事务管理 */,
				E2B52ACE1DDAAA5E005ABBB7 /* 课程管理 */,
				E2B52ACD1DDAAA34005ABBB7 /* 主界面 */,
				57D63DA71F17D399006EC7A8 /* 其他 */,
			);
			name = views;
			sourceTree = "<group>";
		};
		571B82051DB4658F001171EE /* controllers */ = {
			isa = PBXGroup;
			children = (
				573F110C1EE6E2DE00E9F99E /* 日程-一期 */,
				577C67171EE97F0A0006E783 /* 登录注册 */,
				57D49D1C1F0FB8040063C861 /* 群组 */,
				57D65FBA1F2F1B8E00D3BE72 /* 聊天 */,
			);
			name = controllers;
			sourceTree = "<group>";
		};
		571B82061DB465A0001171EE /* models */ = {
			isa = PBXGroup;
			children = (
				57D69A281DC7832F005E73EA /* CourseModel.h */,
				57D69A291DC7832F005E73EA /* CourseModel.m */,
				57BDFA191E4CB98000C0E254 /* BusinessModel.h */,
				57BDFA1A1E4CB98100C0E254 /* BusinessModel.m */,
				57D49D241F13DA740063C861 /* test.plist */,
				57D49D261F13DC890063C861 /* GroupListModel.h */,
				57D49D271F13DC890063C861 /* GroupListModel.m */,
				57D49D721F1611410063C861 /* member.plist */,
				57D49D6F1F160D6A0063C861 /* GroupMemberModel.h */,
				57D49D701F160D6A0063C861 /* GroupMemberModel.m */,
				57D65F691F2764C500D3BE72 /* GroupSearchModel.h */,
				57D65F6A1F2764C500D3BE72 /* GroupSearchModel.m */,
				571DB1AC1F5FD97300D319EF /* GroupInfoModel.h */,
				571DB1AD1F5FD97300D319EF /* GroupInfoModel.m */,
			);
			name = models;
			sourceTree = "<group>";
		};
		572EA9311F32C5920052907C /* GCDAsyncSocket */ = {
			isa = PBXGroup;
			children = (
				57DC77751F4A99B200F5FF94 /* HXSocketConfig.h */,
				57DC77741F4A994F00F5FF94 /* Manager */,
				57DC77761F4A99C000F5FF94 /* lib */,
			);
			name = GCDAsyncSocket;
			sourceTree = "<group>";
		};
		573F110C1EE6E2DE00E9F99E /* 日程-一期 */ = {
			isa = PBXGroup;
			children = (
				579C2FF21DAD02EF00E4EE54 /* CourseTableViewController.h */,
				579C2FF31DAD02EF00E4EE54 /* CourseTableViewController.m */,
				577FA5C31DEBDE0400A0AEF7 /* BusinessCourseManage.h */,
				577FA5C41DEBDE0400A0AEF7 /* BusinessCourseManage.m */,
				571A3D081DE82F0C009042BC /* BusinessViewController.h */,
				571A3D091DE82F0C009042BC /* BusinessViewController.m */,
				57BDFA1F1E52EF1300C0E254 /* CommentViewController.h */,
				57BDFA201E52EF1300C0E254 /* CommentViewController.m */,
				E26B701A1E6AFFA2000A08CB /* CourseViewController.h */,
				E26B701B1E6AFFA2000A08CB /* CourseViewController.m */,
				574C2BFC1E9F71ED00960399 /* ImpoerCourseViewController.h */,
				574C2BFD1E9F71ED00960399 /* ImpoerCourseViewController.m */,
			);
			name = "日程-一期";
			sourceTree = "<group>";
		};
		574C2C081E9F9C5000960399 /* html */ = {
			isa = PBXGroup;
			children = (
				574C2BFF1E9F9C4800960399 /* TFHpple.h */,
				574C2C001E9F9C4800960399 /* TFHpple.m */,
				574C2C011E9F9C4800960399 /* TFHppleElement.h */,
				574C2C021E9F9C4800960399 /* TFHppleElement.m */,
				574C2C031E9F9C4800960399 /* XPathQuery.h */,
				574C2C041E9F9C4800960399 /* XPathQuery.m */,
			);
			name = html;
			sourceTree = "<group>";
		};
		577C67011EE862ED0006E783 /* UI */ = {
			isa = PBXGroup;
			children = (
				57BDFA161E326E0500C0E254 /* UILabel+AlertActionFont.h */,
				57BDFA171E326E0500C0E254 /* UILabel+AlertActionFont.m */,
				57BDFA1C1E4CCB5E00C0E254 /* UIView+Extend.h */,
				57BDFA1D1E4CCB5E00C0E254 /* UIView+Extend.m */,
				57BDFA221E52F06A00C0E254 /* UIAlertController+Appearance.h */,
				57BDFA231E52F06A00C0E254 /* UIAlertController+Appearance.m */,
			);
			name = UI;
			sourceTree = "<group>";
		};
		577C67171EE97F0A0006E783 /* 登录注册 */ = {
			isa = PBXGroup;
			children = (
				573F11091EE6DE4200E9F99E /* LoginViewController.h */,
				573F110A1EE6DE4200E9F99E /* LoginViewController.m */,
				573F11131EE7F60A00E9F99E /* RegisterViewController.h */,
				573F11141EE7F60A00E9F99E /* RegisterViewController.m */,
				577C66FB1EE828D30006E783 /* RegiTextCodeViewController.h */,
				577C66FC1EE828D30006E783 /* RegiTextCodeViewController.m */,
				577C67081EE96C360006E783 /* RegiPwdViewController.h */,
				577C67091EE96C360006E783 /* RegiPwdViewController.m */,
				577C670B1EE970D00006E783 /* RegiNameViewController.h */,
				577C670C1EE970D00006E783 /* RegiNameViewController.m */,
				577C670E1EE974060006E783 /* ResetPhoneViewController.h */,
				577C670F1EE974060006E783 /* ResetPhoneViewController.m */,
				577C67111EE9752A0006E783 /* ResetTextCodeViewController.h */,
				577C67121EE9752A0006E783 /* ResetTextCodeViewController.m */,
				577C67141EE976A10006E783 /* ResetPwdViewController.h */,
				577C67151EE976A10006E783 /* ResetPwdViewController.m */,
				57EA0A1D1F2086F50003BE87 /* NeedLoginViewController.h */,
				57EA0A1E1F2086F50003BE87 /* NeedLoginViewController.m */,
			);
			name = "登录注册";
			sourceTree = "<group>";
		};
		577FA5C61DEC263D00A0AEF7 /* 事务管理 */ = {
			isa = PBXGroup;
			children = (
				E2647DF51DD05CAD0034BE4D /* businessviewcell.h */,
				E2647DF61DD05CAD0034BE4D /* businessviewcell.m */,
				571A3B2B1DE0D071009042BC /* CalendarView.h */,
				571A3B2C1DE0D071009042BC /* CalendarView.m */,
				571A3B2D1DE0D071009042BC /* DatePicker.h */,
				571A3B2E1DE0D071009042BC /* DatePicker.m */,
				571A3B311DE0D07C009042BC /* MonthPicker.h */,
				571A3B321DE0D07C009042BC /* MonthPicker.m */,
				577FA5C91DEC2AF800A0AEF7 /* SectionSelectTableViewCell.h */,
				577FA5CA1DEC2AF800A0AEF7 /* SectionSelectTableViewCell.m */,
				577FA5CC1DEC45C400A0AEF7 /* SectionSelect.h */,
				577FA5CD1DEC45C400A0AEF7 /* SectionSelect.m */,
			);
			name = "事务管理";
			sourceTree = "<group>";
		};
		579C2FB01DAD000E00E4EE54 = {
			isa = PBXGroup;
			children = (
				579C2FBB1DAD000E00E4EE54 /* XiaoYa */,
				579C2FD51DAD000E00E4EE54 /* XiaoYaTests */,
				579C2FE01DAD000E00E4EE54 /* XiaoYaUITests */,
				579C2FBA1DAD000E00E4EE54 /* Products */,
				A5DCDCC5CF0F276D5924EB34 /* Pods */,
				BFA25888F31881023EB069AD /* Frameworks */,
			);
			sourceTree = "<group>";
		};
		579C2FBA1DAD000E00E4EE54 /* Products */ = {
			isa = PBXGroup;
			children = (
				579C2FB91DAD000E00E4EE54 /* XiaoYa.app */,
				579C2FD21DAD000E00E4EE54 /* XiaoYaTests.xctest */,
				579C2FDD1DAD000E00E4EE54 /* XiaoYaUITests.xctest */,
			);
			name = Products;
			sourceTree = "<group>";
		};
		579C2FBB1DAD000E00E4EE54 /* XiaoYa */ = {
			isa = PBXGroup;
			children = (
				571B82061DB465A0001171EE /* models */,
				571B82051DB4658F001171EE /* controllers */,
				571B82041DB4657A001171EE /* views */,
				571A3B271DE0D030009042BC /* Util */,
				572EA9311F32C5920052907C /* GCDAsyncSocket */,
				57DC777A1F4D24C700F5FF94 /* vendor */,
				579C2FBF1DAD000E00E4EE54 /* AppDelegate.h */,
				579C2FC01DAD000E00E4EE54 /* AppDelegate.m */,
				579C2FCA1DAD000E00E4EE54 /* LaunchScreen.storyboard */,
				579C2FC81DAD000E00E4EE54 /* Assets.xcassets */,
				579C2FCD1DAD000E00E4EE54 /* Info.plist */,
				579C2FBC1DAD000E00E4EE54 /* Supporting Files */,
			);
			path = XiaoYa;
			sourceTree = "<group>";
		};
		579C2FBC1DAD000E00E4EE54 /* Supporting Files */ = {
			isa = PBXGroup;
			children = (
				572EA92B1F31F45F0052907C /* ProtoMessage.pbobjc.h */,
				572EA92C1F31F45F0052907C /* ProtoMessage.pbobjc.m */,
				579C2FBD1DAD000E00E4EE54 /* main.m */,
			);
			name = "Supporting Files";
			sourceTree = "<group>";
		};
		579C2FD51DAD000E00E4EE54 /* XiaoYaTests */ = {
			isa = PBXGroup;
			children = (
				579C2FD61DAD000E00E4EE54 /* XiaoYaTests.m */,
				579C2FD81DAD000E00E4EE54 /* Info.plist */,
			);
			path = XiaoYaTests;
			sourceTree = "<group>";
		};
		579C2FE01DAD000E00E4EE54 /* XiaoYaUITests */ = {
			isa = PBXGroup;
			children = (
				579C2FE11DAD000E00E4EE54 /* XiaoYaUITests.m */,
				579C2FE31DAD000E00E4EE54 /* Info.plist */,
			);
			path = XiaoYaUITests;
			sourceTree = "<group>";
		};
		57D49D1C1F0FB8040063C861 /* 群组 */ = {
			isa = PBXGroup;
			children = (
				57D49D1D1F0FB9660063C861 /* GroupHomePageViewController.h */,
				57D49D1E1F0FB9660063C861 /* GroupHomePageViewController.m */,
				57D49D2A1F14BFDD0063C861 /* GroupCreateViewController.h */,
				57D49D2B1F14BFDD0063C861 /* GroupCreateViewController.m */,
				572B6D101F166A520069D1D2 /* AddGroupMemberViewController.h */,
				572B6D111F166A520069D1D2 /* AddGroupMemberViewController.m */,
				572B6D131F1748590069D1D2 /* JoinGroupViewController.h */,
				572B6D141F1748590069D1D2 /* JoinGroupViewController.m */,
			);
			name = "群组";
			sourceTree = "<group>";
		};
		57D49D201F1214AE0063C861 /* 群组 */ = {
			isa = PBXGroup;
			children = (
				57D49D211F121AD90063C861 /* GroupHomePageCell.h */,
				57D49D221F121AD90063C861 /* GroupHomePageCell.m */,
				57D63DA41F176E3B006EC7A8 /* GroupSearchTableViewCell.h */,
				57D63DA51F176E3B006EC7A8 /* GroupSearchTableViewCell.m */,
				57D49D2D1F15178D0063C861 /* MemberCollectionViewCell.h */,
				57D49D2E1F15178D0063C861 /* MemberCollectionViewCell.m */,
				57D65F631F271F0800D3BE72 /* MemberSearchTableViewCell.h */,
				57D65F641F271F0800D3BE72 /* MemberSearchTableViewCell.m */,
				57D65F6C1F287ED800D3BE72 /* TxAvatar.h */,
				57D65F6D1F287ED800D3BE72 /* TxAvatar.m */,
			);
			name = "群组";
			sourceTree = "<group>";
		};
		57D63DA71F17D399006EC7A8 /* 其他 */ = {
			isa = PBXGroup;
			children = (
				577FA5CF1DEDD5EB00A0AEF7 /* PublicTemplateCell.h */,
				577FA5D01DEDD5EB00A0AEF7 /* PublicTemplateCell.m */,
				571DB1A01F5CFF4B00D319EF /* MutipleChoiceCell.h */,
				571DB1A11F5CFF4B00D319EF /* MutipleChoiceCell.m */,
				571DB1A31F5D000400D319EF /* MutipleChoiceView.h */,
				571DB1A41F5D000400D319EF /* MutipleChoiceView.m */,
				571DB1AF1F6126C200D319EF /* SingleChoiceCell.h */,
				571DB1B01F6126C200D319EF /* SingleChoiceCell.m */,
				571DB1B21F6127E500D319EF /* SingleChoiceView.h */,
				571DB1B31F6127E500D319EF /* SingleChoiceView.m */,
				573F110D1EE7157000E9F99E /* HXTextField.h */,
				573F110E1EE7157000E9F99E /* HXTextField.m */,
				573F11101EE7A6AB00E9F99E /* HXButton.h */,
				573F11111EE7A6AB00E9F99E /* HXButton.m */,
				571DB1A61F5D8E1A00D319EF /* BgView.h */,
				571DB1A71F5D8E1A00D319EF /* BgView.m */,
			);
			name = "其他";
			sourceTree = "<group>";
		};
		57D65FB91F2F1ADB00D3BE72 /* 聊天 */ = {
			isa = PBXGroup;
			children = (
				57D65FB61F2E3ABB00D3BE72 /* GroupInfoTableViewCell.h */,
				57D65FB71F2E3ABB00D3BE72 /* GroupInfoTableViewCell.m */,
				572EA91C1F301CF50052907C /* ReasonView.h */,
				572EA91D1F301CF50052907C /* ReasonView.m */,
				571DB1A91F5EEBDD00D319EF /* SectionSchedule.h */,
				571DB1AA1F5EEBDD00D319EF /* SectionSchedule.m */,
			);
			name = "聊天";
			sourceTree = "<group>";
		};
		57D65FBA1F2F1B8E00D3BE72 /* 聊天 */ = {
			isa = PBXGroup;
			children = (
				57D65FB31F2E3A5E00D3BE72 /* GroupInfoViewController.h */,
				57D65FB41F2E3A5F00D3BE72 /* GroupInfoViewController.m */,
				572EA91F1F305CE30052907C /* EventPublishViewController.h */,
				572EA9201F305CE30052907C /* EventPublishViewController.m */,
				572EA9161F2F2E760052907C /* EventDetailViewController.h */,
				572EA9171F2F2E760052907C /* EventDetailViewController.m */,
				572EA9221F3077560052907C /* GroupDetailViewController.h */,
				572EA9231F3077560052907C /* GroupDetailViewController.m */,
				571DB1B51F64279200D319EF /* MemberDetailViewController.h */,
				571DB1B61F64279200D319EF /* MemberDetailViewController.m */,
				571DB1B81F656DB000D319EF /* MemberListViewController.h */,
				571DB1B91F656DB000D319EF /* MemberListViewController.m */,
			);
			name = "聊天";
			sourceTree = "<group>";
		};
		57DC77731F4A958E00F5FF94 /* Category */ = {
			isa = PBXGroup;
			children = (
				577C67051EE870F10006E783 /* NSTimer+Addition.h */,
				577C67061EE870F10006E783 /* NSTimer+Addition.m */,
				571A3B341DE0D08A009042BC /* NSDate+Calendar.h */,
				571A3B351DE0D08A009042BC /* NSDate+Calendar.m */,
				577C67011EE862ED0006E783 /* UI */,
			);
			name = Category;
			sourceTree = "<group>";
		};
		57DC77741F4A994F00F5FF94 /* Manager */ = {
			isa = PBXGroup;
			children = (
				57DC77701F4A957900F5FF94 /* HXSocketManager.h */,
				57DC77711F4A957900F5FF94 /* HXSocketManager.m */,
				57DC77771F4A9B0500F5FF94 /* HXSocketBusinessManager.h */,
				57DC77781F4A9B0500F5FF94 /* HXSocketBusinessManager.m */,
				57DC777B1F4ECB9600F5FF94 /* HXErrorManager.h */,
				57DC777C1F4ECB9600F5FF94 /* HXErrorManager.m */,
			);
			name = Manager;
			sourceTree = "<group>";
		};
		57DC77761F4A99C000F5FF94 /* lib */ = {
			isa = PBXGroup;
			children = (
				572EA92E1F32C5870052907C /* GCDAsyncSocket.h */,
				572EA92F1F32C5870052907C /* GCDAsyncSocket.m */,
			);
			name = lib;
			sourceTree = "<group>";
		};
		57DC777A1F4D24C700F5FF94 /* vendor */ = {
			isa = PBXGroup;
			children = (
				574C2C081E9F9C5000960399 /* html */,
				5711C8741EAB08AA00D19AE2 /* MBProgressHUD */,
			);
			name = vendor;
			sourceTree = "<group>";
		};
		A5DCDCC5CF0F276D5924EB34 /* Pods */ = {
			isa = PBXGroup;
			children = (
				500EDBA1CCDD1D839CAED3F5 /* Pods-XiaoYa.debug.xcconfig */,
				56E5BB360D6DC919DEA12B2C /* Pods-XiaoYa.release.xcconfig */,
			);
			name = Pods;
			sourceTree = "<group>";
		};
		BFA25888F31881023EB069AD /* Frameworks */ = {
			isa = PBXGroup;
			children = (
				5711C87D1EAB0B1A00D19AE2 /* CoreGraphics.framework */,
				5711C87B1EAB0B1000D19AE2 /* UIKit.framework */,
				5711C8791EAB0AC200D19AE2 /* Foundation.framework */,
				574C2C0B1E9FA32E00960399 /* libxml2.tbd */,
				574C2C091E9FA2E000960399 /* libxml2.2.tbd */,
				577430971E9374C70027D471 /* EventKit.framework */,
				577430981E9374C70027D471 /* EventKitUI.framework */,
				57BDFA141E2E111B00C0E254 /* libsqlite3.0.tbd */,
				95B73B7E7C445C004F46A8E9 /* libPods-XiaoYa.a */,
			);
			name = Frameworks;
			sourceTree = "<group>";
		};
		E2B52ACD1DDAAA34005ABBB7 /* 主界面 */ = {
			isa = PBXGroup;
			children = (
				57D69A2B1DC83734005E73EA /* CourseButton.h */,
				57D69A2C1DC83734005E73EA /* CourseButton.m */,
				E2F0B7091DD3653F00AEE343 /* DayViewCell.h */,
				E2F0B70A1DD3653F00AEE343 /* DayViewCell.m */,
				579C2FF51DAD036000E4EE54 /* WeekSheet.h */,
				579C2FF61DAD036000E4EE54 /* WeekSheet.m */,
				571B82071DB465D4001171EE /* WeekCell.h */,
				571B82081DB465D4001171EE /* WeekCell.m */,
				571B82581DB8AD6C001171EE /* TimeViewCell.h */,
				571B82591DB8AD6C001171EE /* TimeViewCell.m */,
				57C761221E7D9EBC0002FA77 /* CollectView.h */,
				57C761231E7D9EBC0002FA77 /* CollectView.m */,
				57C761251E7E57320002FA77 /* CollectionViewCell.h */,
				57C761261E7E57320002FA77 /* CollectionViewCell.m */,
			);
			name = "主界面";
			sourceTree = "<group>";
		};
		E2B52ACE1DDAAA5E005ABBB7 /* 课程管理 */ = {
			isa = PBXGroup;
			children = (
				E26B70051E6AFF60000A08CB /* CourseTimeCell.h */,
				E26B70061E6AFF60000A08CB /* CourseTimeCell.m */,
				E2B52ACF1DDAAAAE005ABBB7 /* 悬浮view */,
			);
			name = "课程管理";
			sourceTree = "<group>";
		};
		E2B52ACF1DDAAAAE005ABBB7 /* 悬浮view */ = {
			isa = PBXGroup;
			children = (
				E26B70081E6AFF75000A08CB /* dayselectview.h */,
				E26B70091E6AFF75000A08CB /* dayselectview.m */,
				E26B700A1E6AFF75000A08CB /* DaySelectCell.h */,
				E26B700B1E6AFF75000A08CB /* DaySelectCell.m */,
				E26B700C1E6AFF75000A08CB /* weekselectview.h */,
				E26B700D1E6AFF75000A08CB /* weekselectview.m */,
				E26B700E1E6AFF75000A08CB /* timeselecteview.h */,
				E26B700F1E6AFF75000A08CB /* timeselecteview.m */,
				5782CE761E7288C100DA4947 /* TimeSelectedTableViewCell.h */,
				5782CE771E7288C100DA4947 /* TimeSelectedTableViewCell.m */,
			);
			name = "悬浮view";
			sourceTree = "<group>";
		};
/* End PBXGroup section */

/* Begin PBXNativeTarget section */
		579C2FB81DAD000E00E4EE54 /* XiaoYa */ = {
			isa = PBXNativeTarget;
			buildConfigurationList = 579C2FE61DAD000E00E4EE54 /* Build configuration list for PBXNativeTarget "XiaoYa" */;
			buildPhases = (
				3063C9CAE047B785EF96359E /* [CP] Check Pods Manifest.lock */,
				579C2FB51DAD000E00E4EE54 /* Sources */,
				579C2FB61DAD000E00E4EE54 /* Frameworks */,
				579C2FB71DAD000E00E4EE54 /* Resources */,
				613071010FAF95029B8A9F9B /* [CP] Embed Pods Frameworks */,
				F8A92D7F913D2A7CAA447F92 /* [CP] Copy Pods Resources */,
			);
			buildRules = (
			);
			dependencies = (
			);
			name = XiaoYa;
			productName = XiaoYa;
			productReference = 579C2FB91DAD000E00E4EE54 /* XiaoYa.app */;
			productType = "com.apple.product-type.application";
		};
		579C2FD11DAD000E00E4EE54 /* XiaoYaTests */ = {
			isa = PBXNativeTarget;
			buildConfigurationList = 579C2FE91DAD000E00E4EE54 /* Build configuration list for PBXNativeTarget "XiaoYaTests" */;
			buildPhases = (
				579C2FCE1DAD000E00E4EE54 /* Sources */,
				579C2FCF1DAD000E00E4EE54 /* Frameworks */,
				579C2FD01DAD000E00E4EE54 /* Resources */,
			);
			buildRules = (
			);
			dependencies = (
				579C2FD41DAD000E00E4EE54 /* PBXTargetDependency */,
			);
			name = XiaoYaTests;
			productName = XiaoYaTests;
			productReference = 579C2FD21DAD000E00E4EE54 /* XiaoYaTests.xctest */;
			productType = "com.apple.product-type.bundle.unit-test";
		};
		579C2FDC1DAD000E00E4EE54 /* XiaoYaUITests */ = {
			isa = PBXNativeTarget;
			buildConfigurationList = 579C2FEC1DAD000E00E4EE54 /* Build configuration list for PBXNativeTarget "XiaoYaUITests" */;
			buildPhases = (
				579C2FD91DAD000E00E4EE54 /* Sources */,
				579C2FDA1DAD000E00E4EE54 /* Frameworks */,
				579C2FDB1DAD000E00E4EE54 /* Resources */,
			);
			buildRules = (
			);
			dependencies = (
				579C2FDF1DAD000E00E4EE54 /* PBXTargetDependency */,
			);
			name = XiaoYaUITests;
			productName = XiaoYaUITests;
			productReference = 579C2FDD1DAD000E00E4EE54 /* XiaoYaUITests.xctest */;
			productType = "com.apple.product-type.bundle.ui-testing";
		};
/* End PBXNativeTarget section */

/* Begin PBXProject section */
		579C2FB11DAD000E00E4EE54 /* Project object */ = {
			isa = PBXProject;
			attributes = {
				LastUpgradeCheck = 0800;
				ORGANIZATIONNAME = commet;
				TargetAttributes = {
					579C2FB81DAD000E00E4EE54 = {
						CreatedOnToolsVersion = 7.2;
						DevelopmentTeam = AV69H3MJH2;
						ProvisioningStyle = Automatic;
					};
					579C2FD11DAD000E00E4EE54 = {
						CreatedOnToolsVersion = 7.2;
						DevelopmentTeam = AV69H3MJH2;
						TestTargetID = 579C2FB81DAD000E00E4EE54;
					};
					579C2FDC1DAD000E00E4EE54 = {
						CreatedOnToolsVersion = 7.2;
						TestTargetID = 579C2FB81DAD000E00E4EE54;
					};
				};
			};
			buildConfigurationList = 579C2FB41DAD000E00E4EE54 /* Build configuration list for PBXProject "XiaoYa" */;
			compatibilityVersion = "Xcode 3.2";
			developmentRegion = English;
			hasScannedForEncodings = 0;
			knownRegions = (
				en,
				Base,
			);
			mainGroup = 579C2FB01DAD000E00E4EE54;
			productRefGroup = 579C2FBA1DAD000E00E4EE54 /* Products */;
			projectDirPath = "";
			projectRoot = "";
			targets = (
				579C2FB81DAD000E00E4EE54 /* XiaoYa */,
				579C2FD11DAD000E00E4EE54 /* XiaoYaTests */,
				579C2FDC1DAD000E00E4EE54 /* XiaoYaUITests */,
			);
		};
/* End PBXProject section */

/* Begin PBXResourcesBuildPhase section */
		579C2FB71DAD000E00E4EE54 /* Resources */ = {
			isa = PBXResourcesBuildPhase;
			buildActionMask = 2147483647;
			files = (
				579C2FCC1DAD000E00E4EE54 /* LaunchScreen.storyboard in Resources */,
				579C2FC91DAD000E00E4EE54 /* Assets.xcassets in Resources */,
				57D49D251F13DA740063C861 /* test.plist in Resources */,
				57D49D731F1611410063C861 /* member.plist in Resources */,
			);
			runOnlyForDeploymentPostprocessing = 0;
		};
		579C2FD01DAD000E00E4EE54 /* Resources */ = {
			isa = PBXResourcesBuildPhase;
			buildActionMask = 2147483647;
			files = (
			);
			runOnlyForDeploymentPostprocessing = 0;
		};
		579C2FDB1DAD000E00E4EE54 /* Resources */ = {
			isa = PBXResourcesBuildPhase;
			buildActionMask = 2147483647;
			files = (
			);
			runOnlyForDeploymentPostprocessing = 0;
		};
/* End PBXResourcesBuildPhase section */

/* Begin PBXShellScriptBuildPhase section */
		3063C9CAE047B785EF96359E /* [CP] Check Pods Manifest.lock */ = {
			isa = PBXShellScriptBuildPhase;
			buildActionMask = 2147483647;
			files = (
			);
			inputPaths = (
			);
			name = "[CP] Check Pods Manifest.lock";
			outputPaths = (
			);
			runOnlyForDeploymentPostprocessing = 0;
			shellPath = /bin/sh;
			shellScript = "diff \"${PODS_PODFILE_DIR_PATH}/Podfile.lock\" \"${PODS_ROOT}/Manifest.lock\" > /dev/null\nif [ $? != 0 ] ; then\n    # print error to STDERR\n    echo \"error: The sandbox is not in sync with the Podfile.lock. Run 'pod install' or update your CocoaPods installation.\" >&2\n    exit 1\nfi\n";
			showEnvVarsInLog = 0;
		};
		613071010FAF95029B8A9F9B /* [CP] Embed Pods Frameworks */ = {
			isa = PBXShellScriptBuildPhase;
			buildActionMask = 2147483647;
			files = (
			);
			inputPaths = (
			);
			name = "[CP] Embed Pods Frameworks";
			outputPaths = (
			);
			runOnlyForDeploymentPostprocessing = 0;
			shellPath = /bin/sh;
			shellScript = "\"${SRCROOT}/Pods/Target Support Files/Pods-XiaoYa/Pods-XiaoYa-frameworks.sh\"\n";
			showEnvVarsInLog = 0;
		};
		F8A92D7F913D2A7CAA447F92 /* [CP] Copy Pods Resources */ = {
			isa = PBXShellScriptBuildPhase;
			buildActionMask = 2147483647;
			files = (
			);
			inputPaths = (
			);
			name = "[CP] Copy Pods Resources";
			outputPaths = (
			);
			runOnlyForDeploymentPostprocessing = 0;
			shellPath = /bin/sh;
			shellScript = "\"${SRCROOT}/Pods/Target Support Files/Pods-XiaoYa/Pods-XiaoYa-resources.sh\"\n";
			showEnvVarsInLog = 0;
		};
/* End PBXShellScriptBuildPhase section */

/* Begin PBXSourcesBuildPhase section */
		579C2FB51DAD000E00E4EE54 /* Sources */ = {
			isa = PBXSourcesBuildPhase;
			buildActionMask = 2147483647;
			files = (
				E26B701C1E6AFFA2000A08CB /* CourseViewController.m in Sources */,
				573F11151EE7F60A00E9F99E /* RegisterViewController.m in Sources */,
				57D63DA61F176E3B006EC7A8 /* GroupSearchTableViewCell.m in Sources */,
				5782CE781E7288C100DA4947 /* TimeSelectedTableViewCell.m in Sources */,
				57D49D711F160D6A0063C861 /* GroupMemberModel.m in Sources */,
				574C2C071E9F9C4800960399 /* XPathQuery.m in Sources */,
				577C67071EE870F10006E783 /* NSTimer+Addition.m in Sources */,
				577C670D1EE970D00006E783 /* RegiNameViewController.m in Sources */,
				571A3B361DE0D08A009042BC /* NSDate+Calendar.m in Sources */,
				572EA9241F3077560052907C /* GroupDetailViewController.m in Sources */,
				572B6D121F166A520069D1D2 /* AddGroupMemberViewController.m in Sources */,
				573F110F1EE7157000E9F99E /* HXTextField.m in Sources */,
				57D65FB51F2E3A5F00D3BE72 /* GroupInfoViewController.m in Sources */,
				57D49D281F13DC890063C861 /* GroupListModel.m in Sources */,
				579C2FF41DAD02EF00E4EE54 /* CourseTableViewController.m in Sources */,
				571A3B331DE0D07C009042BC /* MonthPicker.m in Sources */,
				572EA9301F32C5870052907C /* GCDAsyncSocket.m in Sources */,
				57BDFA1E1E4CCB5E00C0E254 /* UIView+Extend.m in Sources */,
				5711C8781EAB08D700D19AE2 /* MBProgressHUD.m in Sources */,
				57EA0A1F1F2086F50003BE87 /* NeedLoginViewController.m in Sources */,
				573F110B1EE6DE4200E9F99E /* LoginViewController.m in Sources */,
				571DB1A51F5D000400D319EF /* MutipleChoiceView.m in Sources */,
				571DB1A21F5CFF4B00D319EF /* MutipleChoiceCell.m in Sources */,
				57D49D231F121AD90063C861 /* GroupHomePageCell.m in Sources */,
				57C761271E7E57320002FA77 /* CollectionViewCell.m in Sources */,
				573F11121EE7A6AB00E9F99E /* HXButton.m in Sources */,
				571B82091DB465D4001171EE /* WeekCell.m in Sources */,
				57D69A2A1DC7832F005E73EA /* CourseModel.m in Sources */,
				571A3B301DE0D071009042BC /* DatePicker.m in Sources */,
				57BDFA241E52F06A00C0E254 /* UIAlertController+Appearance.m in Sources */,
				571A3B2A1DE0D05A009042BC /* DateUtils.m in Sources */,
				579C2FC11DAD000E00E4EE54 /* AppDelegate.m in Sources */,
				571DB1AB1F5EEBDD00D319EF /* SectionSchedule.m in Sources */,
				E26B70151E6AFF75000A08CB /* timeselecteview.m in Sources */,
				577C671A1EED676B0006E783 /* HXNetworking.m in Sources */,
				E26B70141E6AFF75000A08CB /* weekselectview.m in Sources */,
				571DB1A81F5D8E1A00D319EF /* BgView.m in Sources */,
				577C67131EE9752A0006E783 /* ResetTextCodeViewController.m in Sources */,
				57D65F6B1F2764C500D3BE72 /* GroupSearchModel.m in Sources */,
				E26B70121E6AFF75000A08CB /* dayselectview.m in Sources */,
				57D65FB81F2E3ABB00D3BE72 /* GroupInfoTableViewCell.m in Sources */,
				57D49D1F1F0FB9660063C861 /* GroupHomePageViewController.m in Sources */,
				577430961E9374020027D471 /* EventKitManager.m in Sources */,
				571DB1AE1F5FD97300D319EF /* GroupInfoModel.m in Sources */,
				571DB1B41F6127E500D319EF /* SingleChoiceView.m in Sources */,
				577FA5CB1DEC2AF800A0AEF7 /* SectionSelectTableViewCell.m in Sources */,
				57BDFA131E2E038D00C0E254 /* DbManager.m in Sources */,
				57C761241E7D9EBC0002FA77 /* CollectView.m in Sources */,
				57D65F651F271F0800D3BE72 /* MemberSearchTableViewCell.m in Sources */,
				579C2FBE1DAD000E00E4EE54 /* main.m in Sources */,
				574C2C061E9F9C4800960399 /* TFHppleElement.m in Sources */,
				57D69A2D1DC83734005E73EA /* CourseButton.m in Sources */,
				57BDFA1B1E4CB98100C0E254 /* BusinessModel.m in Sources */,
				577C670A1EE96C360006E783 /* RegiPwdViewController.m in Sources */,
				E26B70131E6AFF75000A08CB /* DaySelectCell.m in Sources */,
				57DC77721F4A957900F5FF94 /* HXSocketManager.m in Sources */,
				577FA5CE1DEC45C400A0AEF7 /* SectionSelect.m in Sources */,
				57D65F6E1F287ED800D3BE72 /* TxAvatar.m in Sources */,
				577FA5C51DEBDE0400A0AEF7 /* BusinessCourseManage.m in Sources */,
				E2F0B70B1DD3653F00AEE343 /* DayViewCell.m in Sources */,
				577C66FD1EE828D30006E783 /* RegiTextCodeViewController.m in Sources */,
				572EA91E1F301CF50052907C /* ReasonView.m in Sources */,
				57BDFA181E326E0500C0E254 /* UILabel+AlertActionFont.m in Sources */,
				577C67101EE974060006E783 /* ResetPhoneViewController.m in Sources */,
				571DB1BA1F656DB000D319EF /* MemberListViewController.m in Sources */,
				574C2C051E9F9C4800960399 /* TFHpple.m in Sources */,
				572EA92D1F31F45F0052907C /* ProtoMessage.pbobjc.m in Sources */,
				577C67161EE976A10006E783 /* ResetPwdViewController.m in Sources */,
				574C2BFE1E9F71ED00960399 /* ImpoerCourseViewController.m in Sources */,
				57DC777D1F4ECB9600F5FF94 /* HXErrorManager.m in Sources */,
				57DC77791F4A9B0500F5FF94 /* HXSocketBusinessManager.m in Sources */,
				57BDFA211E52EF1300C0E254 /* CommentViewController.m in Sources */,
				571A3D0A1DE82F0C009042BC /* BusinessViewController.m in Sources */,
				571DB1B11F6126C200D319EF /* SingleChoiceCell.m in Sources */,
				572B6D151F1748590069D1D2 /* JoinGroupViewController.m in Sources */,
				E2647DF71DD05CAD0034BE4D /* businessviewcell.m in Sources */,
				571DB1B71F64279200D319EF /* MemberDetailViewController.m in Sources */,
				577FA5D11DEDD5EB00A0AEF7 /* PublicTemplateCell.m in Sources */,
				57D49D2C1F14BFDD0063C861 /* GroupCreateViewController.m in Sources */,
				572EA9181F2F2E760052907C /* EventDetailViewController.m in Sources */,
				E26B70071E6AFF60000A08CB /* CourseTimeCell.m in Sources */,
				571B825A1DB8AD6C001171EE /* TimeViewCell.m in Sources */,
				571B82031DB38BCE001171EE /* Utils.m in Sources */,
				572EA9211F305CE30052907C /* EventPublishViewController.m in Sources */,
				571A3B2F1DE0D071009042BC /* CalendarView.m in Sources */,
				57D49D2F1F15178D0063C861 /* MemberCollectionViewCell.m in Sources */,
				57EA0A221F20E9490003BE87 /* LoginManager.m in Sources */,
				579C2FF71DAD036000E4EE54 /* WeekSheet.m in Sources */,
			);
			runOnlyForDeploymentPostprocessing = 0;
		};
		579C2FCE1DAD000E00E4EE54 /* Sources */ = {
			isa = PBXSourcesBuildPhase;
			buildActionMask = 2147483647;
			files = (
				579C2FD71DAD000E00E4EE54 /* XiaoYaTests.m in Sources */,
			);
			runOnlyForDeploymentPostprocessing = 0;
		};
		579C2FD91DAD000E00E4EE54 /* Sources */ = {
			isa = PBXSourcesBuildPhase;
			buildActionMask = 2147483647;
			files = (
				579C2FE21DAD000E00E4EE54 /* XiaoYaUITests.m in Sources */,
			);
			runOnlyForDeploymentPostprocessing = 0;
		};
/* End PBXSourcesBuildPhase section */

/* Begin PBXTargetDependency section */
		579C2FD41DAD000E00E4EE54 /* PBXTargetDependency */ = {
			isa = PBXTargetDependency;
			target = 579C2FB81DAD000E00E4EE54 /* XiaoYa */;
			targetProxy = 579C2FD31DAD000E00E4EE54 /* PBXContainerItemProxy */;
		};
		579C2FDF1DAD000E00E4EE54 /* PBXTargetDependency */ = {
			isa = PBXTargetDependency;
			target = 579C2FB81DAD000E00E4EE54 /* XiaoYa */;
			targetProxy = 579C2FDE1DAD000E00E4EE54 /* PBXContainerItemProxy */;
		};
/* End PBXTargetDependency section */

/* Begin PBXVariantGroup section */
		579C2FCA1DAD000E00E4EE54 /* LaunchScreen.storyboard */ = {
			isa = PBXVariantGroup;
			children = (
				579C2FCB1DAD000E00E4EE54 /* Base */,
			);
			name = LaunchScreen.storyboard;
			sourceTree = "<group>";
		};
/* End PBXVariantGroup section */

/* Begin XCBuildConfiguration section */
		579C2FE41DAD000E00E4EE54 /* Debug */ = {
			isa = XCBuildConfiguration;
			buildSettings = {
				ALWAYS_SEARCH_USER_PATHS = NO;
				CLANG_CXX_LANGUAGE_STANDARD = "gnu++0x";
				CLANG_CXX_LIBRARY = "libc++";
				CLANG_ENABLE_MODULES = YES;
				CLANG_ENABLE_OBJC_ARC = YES;
				CLANG_WARN_BOOL_CONVERSION = YES;
				CLANG_WARN_CONSTANT_CONVERSION = YES;
				CLANG_WARN_DIRECT_OBJC_ISA_USAGE = YES_ERROR;
				CLANG_WARN_EMPTY_BODY = YES;
				CLANG_WARN_ENUM_CONVERSION = YES;
				CLANG_WARN_INFINITE_RECURSION = YES;
				CLANG_WARN_INT_CONVERSION = YES;
				CLANG_WARN_OBJC_ROOT_CLASS = YES_ERROR;
				CLANG_WARN_SUSPICIOUS_MOVE = YES;
				CLANG_WARN_UNREACHABLE_CODE = YES;
				CLANG_WARN__DUPLICATE_METHOD_MATCH = YES;
				"CODE_SIGN_IDENTITY[sdk=iphoneos*]" = "iPhone Developer";
				COPY_PHASE_STRIP = NO;
				DEBUG_INFORMATION_FORMAT = dwarf;
				ENABLE_STRICT_OBJC_MSGSEND = YES;
				ENABLE_TESTABILITY = YES;
				GCC_C_LANGUAGE_STANDARD = gnu99;
				GCC_DYNAMIC_NO_PIC = NO;
				GCC_NO_COMMON_BLOCKS = YES;
				GCC_OPTIMIZATION_LEVEL = 0;
				GCC_PREPROCESSOR_DEFINITIONS = (
					"DEBUG=1",
					"$(inherited)",
				);
				GCC_WARN_64_TO_32_BIT_CONVERSION = YES;
				GCC_WARN_ABOUT_RETURN_TYPE = YES_ERROR;
				GCC_WARN_UNDECLARED_SELECTOR = YES;
				GCC_WARN_UNINITIALIZED_AUTOS = YES_AGGRESSIVE;
				GCC_WARN_UNUSED_FUNCTION = YES;
				GCC_WARN_UNUSED_VARIABLE = YES;
				HEADER_SEARCH_PATHS = /usr/include/libxml2;
				IPHONEOS_DEPLOYMENT_TARGET = 9.2;
				MTL_ENABLE_DEBUG_INFO = YES;
				ONLY_ACTIVE_ARCH = YES;
				SDKROOT = iphoneos;
			};
			name = Debug;
		};
		579C2FE51DAD000E00E4EE54 /* Release */ = {
			isa = XCBuildConfiguration;
			buildSettings = {
				ALWAYS_SEARCH_USER_PATHS = NO;
				CLANG_CXX_LANGUAGE_STANDARD = "gnu++0x";
				CLANG_CXX_LIBRARY = "libc++";
				CLANG_ENABLE_MODULES = YES;
				CLANG_ENABLE_OBJC_ARC = YES;
				CLANG_WARN_BOOL_CONVERSION = YES;
				CLANG_WARN_CONSTANT_CONVERSION = YES;
				CLANG_WARN_DIRECT_OBJC_ISA_USAGE = YES_ERROR;
				CLANG_WARN_EMPTY_BODY = YES;
				CLANG_WARN_ENUM_CONVERSION = YES;
				CLANG_WARN_INFINITE_RECURSION = YES;
				CLANG_WARN_INT_CONVERSION = YES;
				CLANG_WARN_OBJC_ROOT_CLASS = YES_ERROR;
				CLANG_WARN_SUSPICIOUS_MOVE = YES;
				CLANG_WARN_UNREACHABLE_CODE = YES;
				CLANG_WARN__DUPLICATE_METHOD_MATCH = YES;
				"CODE_SIGN_IDENTITY[sdk=iphoneos*]" = "iPhone Developer";
				COPY_PHASE_STRIP = NO;
				DEBUG_INFORMATION_FORMAT = "dwarf-with-dsym";
				ENABLE_NS_ASSERTIONS = NO;
				ENABLE_STRICT_OBJC_MSGSEND = YES;
				GCC_C_LANGUAGE_STANDARD = gnu99;
				GCC_NO_COMMON_BLOCKS = YES;
				GCC_WARN_64_TO_32_BIT_CONVERSION = YES;
				GCC_WARN_ABOUT_RETURN_TYPE = YES_ERROR;
				GCC_WARN_UNDECLARED_SELECTOR = YES;
				GCC_WARN_UNINITIALIZED_AUTOS = YES_AGGRESSIVE;
				GCC_WARN_UNUSED_FUNCTION = YES;
				GCC_WARN_UNUSED_VARIABLE = YES;
				HEADER_SEARCH_PATHS = /usr/include/libxml2;
				IPHONEOS_DEPLOYMENT_TARGET = 9.2;
				MTL_ENABLE_DEBUG_INFO = NO;
				SDKROOT = iphoneos;
				VALIDATE_PRODUCT = YES;
			};
			name = Release;
		};
		579C2FE71DAD000E00E4EE54 /* Debug */ = {
			isa = XCBuildConfiguration;
			baseConfigurationReference = 500EDBA1CCDD1D839CAED3F5 /* Pods-XiaoYa.debug.xcconfig */;
			buildSettings = {
				ASSETCATALOG_COMPILER_APPICON_NAME = AppIcon;
				"CODE_SIGN_IDENTITY[sdk=iphoneos*]" = "iPhone Developer";
				DEVELOPMENT_TEAM = AV69H3MJH2;
				INFOPLIST_FILE = XiaoYa/Info.plist;
				IPHONEOS_DEPLOYMENT_TARGET = 8.0;
				LD_RUNPATH_SEARCH_PATHS = "$(inherited) @executable_path/Frameworks";
				PRODUCT_BUNDLE_IDENTIFIER = com.commet.XiaoYa;
				PRODUCT_NAME = "$(TARGET_NAME)";
				USER_HEADER_SEARCH_PATHS = "$(PODS_ROOT)/**";
			};
			name = Debug;
		};
		579C2FE81DAD000E00E4EE54 /* Release */ = {
			isa = XCBuildConfiguration;
			baseConfigurationReference = 56E5BB360D6DC919DEA12B2C /* Pods-XiaoYa.release.xcconfig */;
			buildSettings = {
				ASSETCATALOG_COMPILER_APPICON_NAME = AppIcon;
				"CODE_SIGN_IDENTITY[sdk=iphoneos*]" = "iPhone Developer";
				DEVELOPMENT_TEAM = AV69H3MJH2;
				INFOPLIST_FILE = XiaoYa/Info.plist;
				IPHONEOS_DEPLOYMENT_TARGET = 8.0;
				LD_RUNPATH_SEARCH_PATHS = "$(inherited) @executable_path/Frameworks";
				PRODUCT_BUNDLE_IDENTIFIER = com.commet.XiaoYa;
				PRODUCT_NAME = "$(TARGET_NAME)";
				USER_HEADER_SEARCH_PATHS = "$(PODS_ROOT)/**";
			};
			name = Release;
		};
		579C2FEA1DAD000E00E4EE54 /* Debug */ = {
			isa = XCBuildConfiguration;
			buildSettings = {
				BUNDLE_LOADER = "$(TEST_HOST)";
				INFOPLIST_FILE = XiaoYaTests/Info.plist;
				LD_RUNPATH_SEARCH_PATHS = "$(inherited) @executable_path/Frameworks @loader_path/Frameworks";
				PRODUCT_BUNDLE_IDENTIFIER = com.commet.XiaoYaTests;
				PRODUCT_NAME = "$(TARGET_NAME)";
				TEST_HOST = "$(BUILT_PRODUCTS_DIR)/XiaoYa.app/XiaoYa";
			};
			name = Debug;
		};
		579C2FEB1DAD000E00E4EE54 /* Release */ = {
			isa = XCBuildConfiguration;
			buildSettings = {
				BUNDLE_LOADER = "$(TEST_HOST)";
				INFOPLIST_FILE = XiaoYaTests/Info.plist;
				LD_RUNPATH_SEARCH_PATHS = "$(inherited) @executable_path/Frameworks @loader_path/Frameworks";
				PRODUCT_BUNDLE_IDENTIFIER = com.commet.XiaoYaTests;
				PRODUCT_NAME = "$(TARGET_NAME)";
				TEST_HOST = "$(BUILT_PRODUCTS_DIR)/XiaoYa.app/XiaoYa";
			};
			name = Release;
		};
		579C2FED1DAD000E00E4EE54 /* Debug */ = {
			isa = XCBuildConfiguration;
			buildSettings = {
				DEVELOPMENT_TEAM = "";
				INFOPLIST_FILE = XiaoYaUITests/Info.plist;
				LD_RUNPATH_SEARCH_PATHS = "$(inherited) @executable_path/Frameworks @loader_path/Frameworks";
				PRODUCT_BUNDLE_IDENTIFIER = com.commet.XiaoYaUITests;
				PRODUCT_NAME = "$(TARGET_NAME)";
				TEST_TARGET_NAME = XiaoYa;
				USES_XCTRUNNER = YES;
			};
			name = Debug;
		};
		579C2FEE1DAD000E00E4EE54 /* Release */ = {
			isa = XCBuildConfiguration;
			buildSettings = {
				DEVELOPMENT_TEAM = "";
				INFOPLIST_FILE = XiaoYaUITests/Info.plist;
				LD_RUNPATH_SEARCH_PATHS = "$(inherited) @executable_path/Frameworks @loader_path/Frameworks";
				PRODUCT_BUNDLE_IDENTIFIER = com.commet.XiaoYaUITests;
				PRODUCT_NAME = "$(TARGET_NAME)";
				TEST_TARGET_NAME = XiaoYa;
				USES_XCTRUNNER = YES;
			};
			name = Release;
		};
/* End XCBuildConfiguration section */

/* Begin XCConfigurationList section */
		579C2FB41DAD000E00E4EE54 /* Build configuration list for PBXProject "XiaoYa" */ = {
			isa = XCConfigurationList;
			buildConfigurations = (
				579C2FE41DAD000E00E4EE54 /* Debug */,
				579C2FE51DAD000E00E4EE54 /* Release */,
			);
			defaultConfigurationIsVisible = 0;
			defaultConfigurationName = Release;
		};
		579C2FE61DAD000E00E4EE54 /* Build configuration list for PBXNativeTarget "XiaoYa" */ = {
			isa = XCConfigurationList;
			buildConfigurations = (
				579C2FE71DAD000E00E4EE54 /* Debug */,
				579C2FE81DAD000E00E4EE54 /* Release */,
			);
			defaultConfigurationIsVisible = 0;
			defaultConfigurationName = Release;
		};
		579C2FE91DAD000E00E4EE54 /* Build configuration list for PBXNativeTarget "XiaoYaTests" */ = {
			isa = XCConfigurationList;
			buildConfigurations = (
				579C2FEA1DAD000E00E4EE54 /* Debug */,
				579C2FEB1DAD000E00E4EE54 /* Release */,
			);
			defaultConfigurationIsVisible = 0;
			defaultConfigurationName = Release;
		};
		579C2FEC1DAD000E00E4EE54 /* Build configuration list for PBXNativeTarget "XiaoYaUITests" */ = {
			isa = XCConfigurationList;
			buildConfigurations = (
				579C2FED1DAD000E00E4EE54 /* Debug */,
				579C2FEE1DAD000E00E4EE54 /* Release */,
			);
			defaultConfigurationIsVisible = 0;
			defaultConfigurationName = Release;
		};
/* End XCConfigurationList section */
	};
	rootObject = 579C2FB11DAD000E00E4EE54 /* Project object */;
}
